// !$*UTF8*$!
{
	archiveVersion = 1;
	classes = {
	};
	objectVersion = 77;
	objects = {

/* Begin PBXBuildFile section */
		BE0675EB2E688B0800433AAB /* Throttler.swift in Sources */ = {isa = PBXBuildFile; fileRef = BE0675EA2E688B0800433AAB /* Throttler.swift */; };
		BE102E332E5FFF25005468DA /* EditNavigation.swift in Sources */ = {isa = PBXBuildFile; fileRef = BE102E322E5FFF25005468DA /* EditNavigation.swift */; };
		BE55FAFA2E5C4D6500A32CDC /* EditZoomableImage.swift in Sources */ = {isa = PBXBuildFile; fileRef = BE55FAF92E5C4D6500A32CDC /* EditZoomableImage.swift */; };
		BE55FAFC2E5C500D00A32CDC /* EditToolButton.swift in Sources */ = {isa = PBXBuildFile; fileRef = BE55FAFB2E5C500D00A32CDC /* EditToolButton.swift */; };
		BE562A992E5C1DE400CF1EE9 /* EditView.swift in Sources */ = {isa = PBXBuildFile; fileRef = BE562A962E5C1DE400CF1EE9 /* EditView.swift */; };
		BE562A9A2E5C1DE400CF1EE9 /* EditViewModel.swift in Sources */ = {isa = PBXBuildFile; fileRef = BE562A972E5C1DE400CF1EE9 /* EditViewModel.swift */; };
		BE5E90862E72C5DF002BCCBD /* AIModel.swift in Sources */ = {isa = PBXBuildFile; fileRef = BE5E90852E72C5DF002BCCBD /* AIModel.swift */; };
		BE5E909C2E73E715002BCCBD /* ContrastRegressor.mlmodel in Sources */ = {isa = PBXBuildFile; fileRef = BE5E90962E73E715002BCCBD /* ContrastRegressor.mlmodel */; };
		BE5E909D2E73E715002BCCBD /* TemperatureRegressor.mlmodel in Sources */ = {isa = PBXBuildFile; fileRef = BE5E909A2E73E715002BCCBD /* TemperatureRegressor.mlmodel */; };
		BE5E909E2E73E715002BCCBD /* DarkAlphaRegressor.mlmodel in Sources */ = {isa = PBXBuildFile; fileRef = BE5E90972E73E715002BCCBD /* DarkAlphaRegressor.mlmodel */; };
		BE5E909F2E73E715002BCCBD /* GrainAlphaRegressor.mlmodel in Sources */ = {isa = PBXBuildFile; fileRef = BE5E90982E73E715002BCCBD /* GrainAlphaRegressor.mlmodel */; };
		BE5E90A02E73E715002BCCBD /* ThresholdRegressor.mlmodel in Sources */ = {isa = PBXBuildFile; fileRef = BE5E909B2E73E715002BCCBD /* ThresholdRegressor.mlmodel */; };
		BE5E90A12E73E715002BCCBD /* GrainScaleRegressor.mlmodel in Sources */ = {isa = PBXBuildFile; fileRef = BE5E90992E73E715002BCCBD /* GrainScaleRegressor.mlmodel */; };
		BE5E90A22E73E715002BCCBD /* BrightAlphaRegressor.mlmodel in Sources */ = {isa = PBXBuildFile; fileRef = BE5E90952E73E715002BCCBD /* BrightAlphaRegressor.mlmodel */; };
		BE5E90A62E73F5E2002BCCBD /* InfoView.swift in Sources */ = {isa = PBXBuildFile; fileRef = BE5E90A52E73F5E2002BCCBD /* InfoView.swift */; };
		BE5E90AA2E73F845002BCCBD /* UploadNavigation.swift in Sources */ = {isa = PBXBuildFile; fileRef = BE5E90A92E73F845002BCCBD /* UploadNavigation.swift */; };
		BE5E90AC2E73F901002BCCBD /* InfoNavigation.swift in Sources */ = {isa = PBXBuildFile; fileRef = BE5E90AB2E73F901002BCCBD /* InfoNavigation.swift */; };
		BE5E90AE2E740D1C002BCCBD /* InfoButton.swift in Sources */ = {isa = PBXBuildFile; fileRef = BE5E90AD2E740D1C002BCCBD /* InfoButton.swift */; };
		BE5E90B02E74126D002BCCBD /* InfoButtonStack.swift in Sources */ = {isa = PBXBuildFile; fileRef = BE5E90AF2E74126D002BCCBD /* InfoButtonStack.swift */; };
		BE5E90B22E7412F3002BCCBD /* InfoVersionText.swift in Sources */ = {isa = PBXBuildFile; fileRef = BE5E90B12E7412F3002BCCBD /* InfoVersionText.swift */; };
		BE5E90B42E7413CF002BCCBD /* InfoViewModel.swift in Sources */ = {isa = PBXBuildFile; fileRef = BE5E90B32E7413CF002BCCBD /* InfoViewModel.swift */; };
		BE5E90B62E7414FA002BCCBD /* AppInfo.swift in Sources */ = {isa = PBXBuildFile; fileRef = BE5E90B52E7414FA002BCCBD /* AppInfo.swift */; };
		BE5E90B82E74162E002BCCBD /* URL.swift in Sources */ = {isa = PBXBuildFile; fileRef = BE5E90B72E74162E002BCCBD /* URL.swift */; };
		BE5E90BA2E7419D1002BCCBD /* InfoEmailView.swift in Sources */ = {isa = PBXBuildFile; fileRef = BE5E90B92E7419D1002BCCBD /* InfoEmailView.swift */; };
		BE750DA92E7170C600AFD9A1 /* ImageAsset.swift in Sources */ = {isa = PBXBuildFile; fileRef = BE750DA72E7170C600AFD9A1 /* ImageAsset.swift */; };
		BE772DB52E68049D00D95AF6 /* ColorGradingFilter.swift in Sources */ = {isa = PBXBuildFile; fileRef = BE772DB42E68049D00D95AF6 /* ColorGradingFilter.swift */; };
		BE7CE2C12E6032F30083D39F /* Poppins-Black.ttf in Resources */ = {isa = PBXBuildFile; fileRef = BE7CE2AF2E6032F30083D39F /* Poppins-Black.ttf */; };
		BE7CE2C22E6032F30083D39F /* Poppins-BoldItalic.ttf in Resources */ = {isa = PBXBuildFile; fileRef = BE7CE2B22E6032F30083D39F /* Poppins-BoldItalic.ttf */; };
		BE7CE2C32E6032F30083D39F /* Poppins-Bold.ttf in Resources */ = {isa = PBXBuildFile; fileRef = BE7CE2B12E6032F30083D39F /* Poppins-Bold.ttf */; };
		BE7CE2C42E6032F30083D39F /* Poppins-Thin.ttf in Resources */ = {isa = PBXBuildFile; fileRef = BE7CE2BF2E6032F30083D39F /* Poppins-Thin.ttf */; };
		BE7CE2C52E6032F30083D39F /* Poppins-ThinItalic.ttf in Resources */ = {isa = PBXBuildFile; fileRef = BE7CE2C02E6032F30083D39F /* Poppins-ThinItalic.ttf */; };
		BE7CE2C62E6032F30083D39F /* Poppins-Medium.ttf in Resources */ = {isa = PBXBuildFile; fileRef = BE7CE2BA2E6032F30083D39F /* Poppins-Medium.ttf */; };
		BE7CE2C72E6032F30083D39F /* Poppins-BlackItalic.ttf in Resources */ = {isa = PBXBuildFile; fileRef = BE7CE2B02E6032F30083D39F /* Poppins-BlackItalic.ttf */; };
		BE7CE2C82E6032F30083D39F /* Poppins-ExtraBold.ttf in Resources */ = {isa = PBXBuildFile; fileRef = BE7CE2B32E6032F30083D39F /* Poppins-ExtraBold.ttf */; };
		BE7CE2C92E6032F30083D39F /* Poppins-ExtraBoldItalic.ttf in Resources */ = {isa = PBXBuildFile; fileRef = BE7CE2B42E6032F30083D39F /* Poppins-ExtraBoldItalic.ttf */; };
		BE7CE2CA2E6032F30083D39F /* Poppins-Light.ttf in Resources */ = {isa = PBXBuildFile; fileRef = BE7CE2B82E6032F30083D39F /* Poppins-Light.ttf */; };
		BE7CE2CB2E6032F30083D39F /* Poppins-LightItalic.ttf in Resources */ = {isa = PBXBuildFile; fileRef = BE7CE2B92E6032F30083D39F /* Poppins-LightItalic.ttf */; };
		BE7CE2CC2E6032F30083D39F /* Poppins-SemiBoldItalic.ttf in Resources */ = {isa = PBXBuildFile; fileRef = BE7CE2BE2E6032F30083D39F /* Poppins-SemiBoldItalic.ttf */; };
		BE7CE2CD2E6032F30083D39F /* Poppins-Regular.ttf in Resources */ = {isa = PBXBuildFile; fileRef = BE7CE2BC2E6032F30083D39F /* Poppins-Regular.ttf */; };
		BE7CE2CE2E6032F30083D39F /* Poppins-MediumItalic.ttf in Resources */ = {isa = PBXBuildFile; fileRef = BE7CE2BB2E6032F30083D39F /* Poppins-MediumItalic.ttf */; };
		BE7CE2CF2E6032F30083D39F /* Poppins-Italic.ttf in Resources */ = {isa = PBXBuildFile; fileRef = BE7CE2B72E6032F30083D39F /* Poppins-Italic.ttf */; };
		BE7CE2D02E6032F30083D39F /* Poppins-ExtraLightItalic.ttf in Resources */ = {isa = PBXBuildFile; fileRef = BE7CE2B62E6032F30083D39F /* Poppins-ExtraLightItalic.ttf */; };
		BE7CE2D12E6032F30083D39F /* Poppins-ExtraLight.ttf in Resources */ = {isa = PBXBuildFile; fileRef = BE7CE2B52E6032F30083D39F /* Poppins-ExtraLight.ttf */; };
		BE7CE2D22E6032F30083D39F /* Poppins-SemiBold.ttf in Resources */ = {isa = PBXBuildFile; fileRef = BE7CE2BD2E6032F30083D39F /* Poppins-SemiBold.ttf */; };
		BE7CE2D52E6033F30083D39F /* Poppin.swift in Sources */ = {isa = PBXBuildFile; fileRef = BE7CE2D42E6033F30083D39F /* Poppin.swift */; };
		BE7CE2D72E6034940083D39F /* UploadTitle.swift in Sources */ = {isa = PBXBuildFile; fileRef = BE7CE2D62E6034940083D39F /* UploadTitle.swift */; };
		BE7CE2F52E6097960083D39F /* UploadViewModel.swift in Sources */ = {isa = PBXBuildFile; fileRef = BE7CE2F42E6097960083D39F /* UploadViewModel.swift */; };
		BE7CE3082E61F1980083D39F /* Ext+Color.swift in Sources */ = {isa = PBXBuildFile; fileRef = BE7CE3022E61F1980083D39F /* Ext+Color.swift */; };
		BE7CE30A2E61F1980083D39F /* Ext+UIApplication.swift in Sources */ = {isa = PBXBuildFile; fileRef = BE7CE3042E61F1980083D39F /* Ext+UIApplication.swift */; };
		BE7CE30B2E61F1980083D39F /* Ext+UIImage.swift in Sources */ = {isa = PBXBuildFile; fileRef = BE7CE3052E61F1980083D39F /* Ext+UIImage.swift */; };
		BE7CE30C2E61F1980083D39F /* Ext+UIScreen.swift in Sources */ = {isa = PBXBuildFile; fileRef = BE7CE3062E61F1980083D39F /* Ext+UIScreen.swift */; };
		BE7CE3132E61F1BD0083D39F /* Filter.swift in Sources */ = {isa = PBXBuildFile; fileRef = BE7CE3112E61F1BD0083D39F /* Filter.swift */; };
		BE7CE3172E61F1BD0083D39F /* appApp.swift in Sources */ = {isa = PBXBuildFile; fileRef = BE7CE3142E61F1BD0083D39F /* appApp.swift */; };
		BE7CE3182E61F1BD0083D39F /* AppDelegate.swift in Sources */ = {isa = PBXBuildFile; fileRef = BE7CE3152E61F1BD0083D39F /* AppDelegate.swift */; };
		BE8893E52E56F9040092BF41 /* UploadView.swift in Sources */ = {isa = PBXBuildFile; fileRef = BE8893E42E56F9040092BF41 /* UploadView.swift */; };
		BE8893F12E58A4B90092BF41 /* UploadStatus.swift in Sources */ = {isa = PBXBuildFile; fileRef = BE8893F02E58A4B90092BF41 /* UploadStatus.swift */; };
		BE8893F32E58A5200092BF41 /* UploadPicker.swift in Sources */ = {isa = PBXBuildFile; fileRef = BE8893F22E58A5200092BF41 /* UploadPicker.swift */; };
		BEACC51B2E336142008F1B24 /* appTests.swift in Sources */ = {isa = PBXBuildFile; fileRef = BEACC5192E336142008F1B24 /* appTests.swift */; };
		BEACC51F2E336142008F1B24 /* appUITests.swift in Sources */ = {isa = PBXBuildFile; fileRef = BEACC51C2E336142008F1B24 /* appUITests.swift */; };
		BEACC5202E336142008F1B24 /* appUITestsLaunchTests.swift in Sources */ = {isa = PBXBuildFile; fileRef = BEACC51D2E336142008F1B24 /* appUITestsLaunchTests.swift */; };
		BEBECA7A2E431D6B00F65D26 /* ViewModel.swift in Sources */ = {isa = PBXBuildFile; fileRef = BEBECA752E431D6B00F65D26 /* ViewModel.swift */; };
		BEBECA7D2E431D6B00F65D26 /* Assets.xcassets in Resources */ = {isa = PBXBuildFile; fileRef = BEBECA7B2E431D6B00F65D26 /* Assets.xcassets */; };
		BEC4876D2E65679400BD7490 /* Toast.swift in Sources */ = {isa = PBXBuildFile; fileRef = BEC4876C2E65679400BD7490 /* Toast.swift */; };
		BEC487782E65B74800BD7490 /* Ext+CIColor.swift in Sources */ = {isa = PBXBuildFile; fileRef = BEC487772E65B74800BD7490 /* Ext+CIColor.swift */; };
		BEC4877A2E65D99A00BD7490 /* Ext+Data.swift in Sources */ = {isa = PBXBuildFile; fileRef = BEC487792E65D99A00BD7490 /* Ext+Data.swift */; };
		BEC4877D2E65E07900BD7490 /* EditToolTap.swift in Sources */ = {isa = PBXBuildFile; fileRef = BEC4877C2E65E07900BD7490 /* EditToolTap.swift */; };
		BEC487882E66BD4300BD7490 /* EditUndoRedoBar.swift in Sources */ = {isa = PBXBuildFile; fileRef = BEC487872E66BD4300BD7490 /* EditUndoRedoBar.swift */; };
		BEC4878E2E66C5D700BD7490 /* BitCollections in Frameworks */ = {isa = PBXBuildFile; productRef = BEC4878D2E66C5D700BD7490 /* BitCollections */; };
		BEC487902E66C5D700BD7490 /* Collections in Frameworks */ = {isa = PBXBuildFile; productRef = BEC4878F2E66C5D700BD7490 /* Collections */; };
		BEC487922E66C5D700BD7490 /* DequeModule in Frameworks */ = {isa = PBXBuildFile; productRef = BEC487912E66C5D700BD7490 /* DequeModule */; };
		BEC487942E66C5D700BD7490 /* HashTreeCollections in Frameworks */ = {isa = PBXBuildFile; productRef = BEC487932E66C5D700BD7490 /* HashTreeCollections */; };
		BEC487962E66C5D700BD7490 /* HeapModule in Frameworks */ = {isa = PBXBuildFile; productRef = BEC487952E66C5D700BD7490 /* HeapModule */; };
		BED4C4EA2E5EF40D00D276BC /* EditGrainTap.swift in Sources */ = {isa = PBXBuildFile; fileRef = BED4C4E92E5EF40D00D276BC /* EditGrainTap.swift */; };
		BED4C4EE2E5EFA8200D276BC /* CustomSlider.swift in Sources */ = {isa = PBXBuildFile; fileRef = BED4C4EC2E5EFA8200D276BC /* CustomSlider.swift */; };
		BED4C4F02E5EFA8D00D276BC /* EditSlider.swift in Sources */ = {isa = PBXBuildFile; fileRef = BED4C4EF2E5EFA8D00D276BC /* EditSlider.swift */; };
		BED4C4F42E5F108A00D276BC /* EditAdjustTap.swift in Sources */ = {isa = PBXBuildFile; fileRef = BED4C4F32E5F108A00D276BC /* EditAdjustTap.swift */; };
		BED4C4F62E5F195600D276BC /* EditToneTap.swift in Sources */ = {isa = PBXBuildFile; fileRef = BED4C4F52E5F195600D276BC /* EditToneTap.swift */; };
/* End PBXBuildFile section */

/* Begin PBXContainerItemProxy section */
		BEACC4F32E336127008F1B24 /* PBXContainerItemProxy */ = {
			isa = PBXContainerItemProxy;
			containerPortal = BEACC4DA2E336125008F1B24 /* Project object */;
			proxyType = 1;
			remoteGlobalIDString = BEACC4E12E336125008F1B24;
			remoteInfo = app;
		};
		BEACC4FD2E336127008F1B24 /* PBXContainerItemProxy */ = {
			isa = PBXContainerItemProxy;
			containerPortal = BEACC4DA2E336125008F1B24 /* Project object */;
			proxyType = 1;
			remoteGlobalIDString = BEACC4E12E336125008F1B24;
			remoteInfo = app;
		};
/* End PBXContainerItemProxy section */

/* Begin PBXFileReference section */
		BE0675EA2E688B0800433AAB /* Throttler.swift */ = {isa = PBXFileReference; lastKnownFileType = sourcecode.swift; path = Throttler.swift; sourceTree = "<group>"; };
		BE102E322E5FFF25005468DA /* EditNavigation.swift */ = {isa = PBXFileReference; lastKnownFileType = sourcecode.swift; path = EditNavigation.swift; sourceTree = "<group>"; };
		BE55FAF92E5C4D6500A32CDC /* EditZoomableImage.swift */ = {isa = PBXFileReference; lastKnownFileType = sourcecode.swift; path = EditZoomableImage.swift; sourceTree = "<group>"; };
		BE55FAFB2E5C500D00A32CDC /* EditToolButton.swift */ = {isa = PBXFileReference; lastKnownFileType = sourcecode.swift; path = EditToolButton.swift; sourceTree = "<group>"; };
		BE562A962E5C1DE400CF1EE9 /* EditView.swift */ = {isa = PBXFileReference; lastKnownFileType = sourcecode.swift; path = EditView.swift; sourceTree = "<group>"; };
		BE562A972E5C1DE400CF1EE9 /* EditViewModel.swift */ = {isa = PBXFileReference; lastKnownFileType = sourcecode.swift; path = EditViewModel.swift; sourceTree = "<group>"; };
		BE5E90852E72C5DF002BCCBD /* AIModel.swift */ = {isa = PBXFileReference; lastKnownFileType = sourcecode.swift; path = AIModel.swift; sourceTree = "<group>"; };
		BE5E90952E73E715002BCCBD /* BrightAlphaRegressor.mlmodel */ = {isa = PBXFileReference; lastKnownFileType = file.mlmodel; path = BrightAlphaRegressor.mlmodel; sourceTree = "<group>"; };
		BE5E90962E73E715002BCCBD /* ContrastRegressor.mlmodel */ = {isa = PBXFileReference; lastKnownFileType = file.mlmodel; path = ContrastRegressor.mlmodel; sourceTree = "<group>"; };
		BE5E90972E73E715002BCCBD /* DarkAlphaRegressor.mlmodel */ = {isa = PBXFileReference; lastKnownFileType = file.mlmodel; path = DarkAlphaRegressor.mlmodel; sourceTree = "<group>"; };
		BE5E90982E73E715002BCCBD /* GrainAlphaRegressor.mlmodel */ = {isa = PBXFileReference; lastKnownFileType = file.mlmodel; path = GrainAlphaRegressor.mlmodel; sourceTree = "<group>"; };
		BE5E90992E73E715002BCCBD /* GrainScaleRegressor.mlmodel */ = {isa = PBXFileReference; lastKnownFileType = file.mlmodel; path = GrainScaleRegressor.mlmodel; sourceTree = "<group>"; };
		BE5E909A2E73E715002BCCBD /* TemperatureRegressor.mlmodel */ = {isa = PBXFileReference; lastKnownFileType = file.mlmodel; path = TemperatureRegressor.mlmodel; sourceTree = "<group>"; };
		BE5E909B2E73E715002BCCBD /* ThresholdRegressor.mlmodel */ = {isa = PBXFileReference; lastKnownFileType = file.mlmodel; path = ThresholdRegressor.mlmodel; sourceTree = "<group>"; };
		BE5E90A52E73F5E2002BCCBD /* InfoView.swift */ = {isa = PBXFileReference; lastKnownFileType = sourcecode.swift; path = InfoView.swift; sourceTree = "<group>"; };
		BE5E90A92E73F845002BCCBD /* UploadNavigation.swift */ = {isa = PBXFileReference; lastKnownFileType = sourcecode.swift; path = UploadNavigation.swift; sourceTree = "<group>"; };
		BE5E90AB2E73F901002BCCBD /* InfoNavigation.swift */ = {isa = PBXFileReference; lastKnownFileType = sourcecode.swift; path = InfoNavigation.swift; sourceTree = "<group>"; };
		BE5E90AD2E740D1C002BCCBD /* InfoButton.swift */ = {isa = PBXFileReference; lastKnownFileType = sourcecode.swift; path = InfoButton.swift; sourceTree = "<group>"; };
		BE5E90AF2E74126D002BCCBD /* InfoButtonStack.swift */ = {isa = PBXFileReference; lastKnownFileType = sourcecode.swift; path = InfoButtonStack.swift; sourceTree = "<group>"; };
		BE5E90B12E7412F3002BCCBD /* InfoVersionText.swift */ = {isa = PBXFileReference; lastKnownFileType = sourcecode.swift; path = InfoVersionText.swift; sourceTree = "<group>"; };
		BE5E90B32E7413CF002BCCBD /* InfoViewModel.swift */ = {isa = PBXFileReference; lastKnownFileType = sourcecode.swift; path = InfoViewModel.swift; sourceTree = "<group>"; };
		BE5E90B52E7414FA002BCCBD /* AppInfo.swift */ = {isa = PBXFileReference; lastKnownFileType = sourcecode.swift; path = AppInfo.swift; sourceTree = "<group>"; };
		BE5E90B72E74162E002BCCBD /* URL.swift */ = {isa = PBXFileReference; lastKnownFileType = sourcecode.swift; path = URL.swift; sourceTree = "<group>"; };
		BE5E90B92E7419D1002BCCBD /* InfoEmailView.swift */ = {isa = PBXFileReference; lastKnownFileType = sourcecode.swift; path = InfoEmailView.swift; sourceTree = "<group>"; };
		BE750DA72E7170C600AFD9A1 /* ImageAsset.swift */ = {isa = PBXFileReference; lastKnownFileType = sourcecode.swift; path = ImageAsset.swift; sourceTree = "<group>"; };
		BE772DB42E68049D00D95AF6 /* ColorGradingFilter.swift */ = {isa = PBXFileReference; lastKnownFileType = sourcecode.swift; path = ColorGradingFilter.swift; sourceTree = "<group>"; };
		BE7CE2AF2E6032F30083D39F /* Poppins-Black.ttf */ = {isa = PBXFileReference; lastKnownFileType = file; path = "Poppins-Black.ttf"; sourceTree = "<group>"; };
		BE7CE2B02E6032F30083D39F /* Poppins-BlackItalic.ttf */ = {isa = PBXFileReference; lastKnownFileType = file; path = "Poppins-BlackItalic.ttf"; sourceTree = "<group>"; };
		BE7CE2B12E6032F30083D39F /* Poppins-Bold.ttf */ = {isa = PBXFileReference; lastKnownFileType = file; path = "Poppins-Bold.ttf"; sourceTree = "<group>"; };
		BE7CE2B22E6032F30083D39F /* Poppins-BoldItalic.ttf */ = {isa = PBXFileReference; lastKnownFileType = file; path = "Poppins-BoldItalic.ttf"; sourceTree = "<group>"; };
		BE7CE2B32E6032F30083D39F /* Poppins-ExtraBold.ttf */ = {isa = PBXFileReference; lastKnownFileType = file; path = "Poppins-ExtraBold.ttf"; sourceTree = "<group>"; };
		BE7CE2B42E6032F30083D39F /* Poppins-ExtraBoldItalic.ttf */ = {isa = PBXFileReference; lastKnownFileType = file; path = "Poppins-ExtraBoldItalic.ttf"; sourceTree = "<group>"; };
		BE7CE2B52E6032F30083D39F /* Poppins-ExtraLight.ttf */ = {isa = PBXFileReference; lastKnownFileType = file; path = "Poppins-ExtraLight.ttf"; sourceTree = "<group>"; };
		BE7CE2B62E6032F30083D39F /* Poppins-ExtraLightItalic.ttf */ = {isa = PBXFileReference; lastKnownFileType = file; path = "Poppins-ExtraLightItalic.ttf"; sourceTree = "<group>"; };
		BE7CE2B72E6032F30083D39F /* Poppins-Italic.ttf */ = {isa = PBXFileReference; lastKnownFileType = file; path = "Poppins-Italic.ttf"; sourceTree = "<group>"; };
		BE7CE2B82E6032F30083D39F /* Poppins-Light.ttf */ = {isa = PBXFileReference; lastKnownFileType = file; path = "Poppins-Light.ttf"; sourceTree = "<group>"; };
		BE7CE2B92E6032F30083D39F /* Poppins-LightItalic.ttf */ = {isa = PBXFileReference; lastKnownFileType = file; path = "Poppins-LightItalic.ttf"; sourceTree = "<group>"; };
		BE7CE2BA2E6032F30083D39F /* Poppins-Medium.ttf */ = {isa = PBXFileReference; lastKnownFileType = file; path = "Poppins-Medium.ttf"; sourceTree = "<group>"; };
		BE7CE2BB2E6032F30083D39F /* Poppins-MediumItalic.ttf */ = {isa = PBXFileReference; lastKnownFileType = file; path = "Poppins-MediumItalic.ttf"; sourceTree = "<group>"; };
		BE7CE2BC2E6032F30083D39F /* Poppins-Regular.ttf */ = {isa = PBXFileReference; lastKnownFileType = file; path = "Poppins-Regular.ttf"; sourceTree = "<group>"; };
		BE7CE2BD2E6032F30083D39F /* Poppins-SemiBold.ttf */ = {isa = PBXFileReference; lastKnownFileType = file; path = "Poppins-SemiBold.ttf"; sourceTree = "<group>"; };
		BE7CE2BE2E6032F30083D39F /* Poppins-SemiBoldItalic.ttf */ = {isa = PBXFileReference; lastKnownFileType = file; path = "Poppins-SemiBoldItalic.ttf"; sourceTree = "<group>"; };
		BE7CE2BF2E6032F30083D39F /* Poppins-Thin.ttf */ = {isa = PBXFileReference; lastKnownFileType = file; path = "Poppins-Thin.ttf"; sourceTree = "<group>"; };
		BE7CE2C02E6032F30083D39F /* Poppins-ThinItalic.ttf */ = {isa = PBXFileReference; lastKnownFileType = file; path = "Poppins-ThinItalic.ttf"; sourceTree = "<group>"; };
		BE7CE2D32E6033070083D39F /* Info.plist */ = {isa = PBXFileReference; lastKnownFileType = text.plist.xml; path = Info.plist; sourceTree = "<group>"; };
		BE7CE2D42E6033F30083D39F /* Poppin.swift */ = {isa = PBXFileReference; lastKnownFileType = sourcecode.swift; path = Poppin.swift; sourceTree = "<group>"; };
		BE7CE2D62E6034940083D39F /* UploadTitle.swift */ = {isa = PBXFileReference; lastKnownFileType = sourcecode.swift; path = UploadTitle.swift; sourceTree = "<group>"; };
		BE7CE2F42E6097960083D39F /* UploadViewModel.swift */ = {isa = PBXFileReference; lastKnownFileType = sourcecode.swift; path = UploadViewModel.swift; sourceTree = "<group>"; };
		BE7CE3022E61F1980083D39F /* Ext+Color.swift */ = {isa = PBXFileReference; lastKnownFileType = sourcecode.swift; path = "Ext+Color.swift"; sourceTree = "<group>"; };
		BE7CE3042E61F1980083D39F /* Ext+UIApplication.swift */ = {isa = PBXFileReference; lastKnownFileType = sourcecode.swift; path = "Ext+UIApplication.swift"; sourceTree = "<group>"; };
		BE7CE3052E61F1980083D39F /* Ext+UIImage.swift */ = {isa = PBXFileReference; lastKnownFileType = sourcecode.swift; path = "Ext+UIImage.swift"; sourceTree = "<group>"; };
		BE7CE3062E61F1980083D39F /* Ext+UIScreen.swift */ = {isa = PBXFileReference; lastKnownFileType = sourcecode.swift; path = "Ext+UIScreen.swift"; sourceTree = "<group>"; };
		BE7CE3112E61F1BD0083D39F /* Filter.swift */ = {isa = PBXFileReference; lastKnownFileType = sourcecode.swift; path = Filter.swift; sourceTree = "<group>"; };
		BE7CE3142E61F1BD0083D39F /* appApp.swift */ = {isa = PBXFileReference; lastKnownFileType = sourcecode.swift; path = appApp.swift; sourceTree = "<group>"; };
		BE7CE3152E61F1BD0083D39F /* AppDelegate.swift */ = {isa = PBXFileReference; lastKnownFileType = sourcecode.swift; path = AppDelegate.swift; sourceTree = "<group>"; };
		BE8893E42E56F9040092BF41 /* UploadView.swift */ = {isa = PBXFileReference; lastKnownFileType = sourcecode.swift; path = UploadView.swift; sourceTree = "<group>"; };
		BE8893F02E58A4B90092BF41 /* UploadStatus.swift */ = {isa = PBXFileReference; lastKnownFileType = sourcecode.swift; path = UploadStatus.swift; sourceTree = "<group>"; };
		BE8893F22E58A5200092BF41 /* UploadPicker.swift */ = {isa = PBXFileReference; lastKnownFileType = sourcecode.swift; path = UploadPicker.swift; sourceTree = "<group>"; };
		BEACC4E22E336125008F1B24 /* app.app */ = {isa = PBXFileReference; explicitFileType = wrapper.application; includeInIndex = 0; path = app.app; sourceTree = BUILT_PRODUCTS_DIR; };
		BEACC4F22E336127008F1B24 /* appTests.xctest */ = {isa = PBXFileReference; explicitFileType = wrapper.cfbundle; includeInIndex = 0; path = appTests.xctest; sourceTree = BUILT_PRODUCTS_DIR; };
		BEACC4FC2E336127008F1B24 /* appUITests.xctest */ = {isa = PBXFileReference; explicitFileType = wrapper.cfbundle; includeInIndex = 0; path = appUITests.xctest; sourceTree = BUILT_PRODUCTS_DIR; };
		BEACC5192E336142008F1B24 /* appTests.swift */ = {isa = PBXFileReference; lastKnownFileType = sourcecode.swift; path = appTests.swift; sourceTree = "<group>"; };
		BEACC51C2E336142008F1B24 /* appUITests.swift */ = {isa = PBXFileReference; lastKnownFileType = sourcecode.swift; path = appUITests.swift; sourceTree = "<group>"; };
		BEACC51D2E336142008F1B24 /* appUITestsLaunchTests.swift */ = {isa = PBXFileReference; lastKnownFileType = sourcecode.swift; path = appUITestsLaunchTests.swift; sourceTree = "<group>"; };
		BEBECA752E431D6B00F65D26 /* ViewModel.swift */ = {isa = PBXFileReference; lastKnownFileType = sourcecode.swift; path = ViewModel.swift; sourceTree = "<group>"; };
		BEBECA7B2E431D6B00F65D26 /* Assets.xcassets */ = {isa = PBXFileReference; lastKnownFileType = folder.assetcatalog; path = Assets.xcassets; sourceTree = "<group>"; };
		BEC4876C2E65679400BD7490 /* Toast.swift */ = {isa = PBXFileReference; lastKnownFileType = sourcecode.swift; path = Toast.swift; sourceTree = "<group>"; };
		BEC487772E65B74800BD7490 /* Ext+CIColor.swift */ = {isa = PBXFileReference; lastKnownFileType = sourcecode.swift; path = "Ext+CIColor.swift"; sourceTree = "<group>"; };
		BEC487792E65D99A00BD7490 /* Ext+Data.swift */ = {isa = PBXFileReference; lastKnownFileType = sourcecode.swift; path = "Ext+Data.swift"; sourceTree = "<group>"; };
		BEC4877C2E65E07900BD7490 /* EditToolTap.swift */ = {isa = PBXFileReference; lastKnownFileType = sourcecode.swift; path = EditToolTap.swift; sourceTree = "<group>"; };
		BEC487872E66BD4300BD7490 /* EditUndoRedoBar.swift */ = {isa = PBXFileReference; lastKnownFileType = sourcecode.swift; path = EditUndoRedoBar.swift; sourceTree = "<group>"; };
		BED4C4E92E5EF40D00D276BC /* EditGrainTap.swift */ = {isa = PBXFileReference; lastKnownFileType = sourcecode.swift; path = EditGrainTap.swift; sourceTree = "<group>"; };
		BED4C4EC2E5EFA8200D276BC /* CustomSlider.swift */ = {isa = PBXFileReference; lastKnownFileType = sourcecode.swift; path = CustomSlider.swift; sourceTree = "<group>"; };
		BED4C4EF2E5EFA8D00D276BC /* EditSlider.swift */ = {isa = PBXFileReference; lastKnownFileType = sourcecode.swift; path = EditSlider.swift; sourceTree = "<group>"; };
		BED4C4F32E5F108A00D276BC /* EditAdjustTap.swift */ = {isa = PBXFileReference; lastKnownFileType = sourcecode.swift; path = EditAdjustTap.swift; sourceTree = "<group>"; };
		BED4C4F52E5F195600D276BC /* EditToneTap.swift */ = {isa = PBXFileReference; lastKnownFileType = sourcecode.swift; path = EditToneTap.swift; sourceTree = "<group>"; };
/* End PBXFileReference section */

/* Begin PBXFrameworksBuildPhase section */
		BEACC4DF2E336125008F1B24 /* Frameworks */ = {
			isa = PBXFrameworksBuildPhase;
			buildActionMask = 2147483647;
			files = (
				BEC487902E66C5D700BD7490 /* Collections in Frameworks */,
				BEC487962E66C5D700BD7490 /* HeapModule in Frameworks */,
				BEC4878E2E66C5D700BD7490 /* BitCollections in Frameworks */,
				BEC487942E66C5D700BD7490 /* HashTreeCollections in Frameworks */,
				BEC487922E66C5D700BD7490 /* DequeModule in Frameworks */,
			);
			runOnlyForDeploymentPostprocessing = 0;
		};
		BEACC4EF2E336127008F1B24 /* Frameworks */ = {
			isa = PBXFrameworksBuildPhase;
			buildActionMask = 2147483647;
			files = (
			);
			runOnlyForDeploymentPostprocessing = 0;
		};
		BEACC4F92E336127008F1B24 /* Frameworks */ = {
			isa = PBXFrameworksBuildPhase;
			buildActionMask = 2147483647;
			files = (
			);
			runOnlyForDeploymentPostprocessing = 0;
		};
/* End PBXFrameworksBuildPhase section */

/* Begin PBXGroup section */
		BE5E90A42E73F5D9002BCCBD /* Info */ = {
			isa = PBXGroup;
			children = (
				BE5E90A52E73F5E2002BCCBD /* InfoView.swift */,
				BE5E90AB2E73F901002BCCBD /* InfoNavigation.swift */,
				BE5E90AD2E740D1C002BCCBD /* InfoButton.swift */,
				BE5E90AF2E74126D002BCCBD /* InfoButtonStack.swift */,
				BE5E90B12E7412F3002BCCBD /* InfoVersionText.swift */,
				BE5E90B32E7413CF002BCCBD /* InfoViewModel.swift */,
				BE5E90B92E7419D1002BCCBD /* InfoEmailView.swift */,
			);
			path = Info;
			sourceTree = "<group>";
		};
		BE750DA82E7170C600AFD9A1 /* Model */ = {
			isa = PBXGroup;
			children = (
				BE750DA72E7170C600AFD9A1 /* ImageAsset.swift */,
			);
			path = Model;
			sourceTree = "<group>";
		};
		BE7CE2AE2E6032F20083D39F /* Fonts */ = {
			isa = PBXGroup;
			children = (
				BE7CE2AF2E6032F30083D39F /* Poppins-Black.ttf */,
				BE7CE2B02E6032F30083D39F /* Poppins-BlackItalic.ttf */,
				BE7CE2B12E6032F30083D39F /* Poppins-Bold.ttf */,
				BE7CE2B22E6032F30083D39F /* Poppins-BoldItalic.ttf */,
				BE7CE2B32E6032F30083D39F /* Poppins-ExtraBold.ttf */,
				BE7CE2B42E6032F30083D39F /* Poppins-ExtraBoldItalic.ttf */,
				BE7CE2B52E6032F30083D39F /* Poppins-ExtraLight.ttf */,
				BE7CE2B62E6032F30083D39F /* Poppins-ExtraLightItalic.ttf */,
				BE7CE2B72E6032F30083D39F /* Poppins-Italic.ttf */,
				BE7CE2B82E6032F30083D39F /* Poppins-Light.ttf */,
				BE7CE2B92E6032F30083D39F /* Poppins-LightItalic.ttf */,
				BE7CE2BA2E6032F30083D39F /* Poppins-Medium.ttf */,
				BE7CE2BB2E6032F30083D39F /* Poppins-MediumItalic.ttf */,
				BE7CE2BC2E6032F30083D39F /* Poppins-Regular.ttf */,
				BE7CE2BD2E6032F30083D39F /* Poppins-SemiBold.ttf */,
				BE7CE2BE2E6032F30083D39F /* Poppins-SemiBoldItalic.ttf */,
				BE7CE2BF2E6032F30083D39F /* Poppins-Thin.ttf */,
				BE7CE2C02E6032F30083D39F /* Poppins-ThinItalic.ttf */,
				BE7CE2D42E6033F30083D39F /* Poppin.swift */,
			);
			path = Fonts;
			sourceTree = "<group>";
		};
		BE7CE3072E61F1980083D39F /* Extension */ = {
			isa = PBXGroup;
			children = (
				BE7CE3042E61F1980083D39F /* Ext+UIApplication.swift */,
				BE7CE3062E61F1980083D39F /* Ext+UIScreen.swift */,
				BE7CE3052E61F1980083D39F /* Ext+UIImage.swift */,
				BE7CE3022E61F1980083D39F /* Ext+Color.swift */,
				BEC487772E65B74800BD7490 /* Ext+CIColor.swift */,
				BEC487792E65D99A00BD7490 /* Ext+Data.swift */,
			);
			path = Extension;
			sourceTree = "<group>";
		};
		BE7CE30E2E61F1A00083D39F /* Protocol */ = {
			isa = PBXGroup;
			children = (
				BEBECA752E431D6B00F65D26 /* ViewModel.swift */,
			);
			path = Protocol;
			sourceTree = "<group>";
		};
		BE7CE3122E61F1BD0083D39F /* Utils */ = {
			isa = PBXGroup;
			children = (
				BE7CE3112E61F1BD0083D39F /* Filter.swift */,
				BEC4876C2E65679400BD7490 /* Toast.swift */,
				BE772DB42E68049D00D95AF6 /* ColorGradingFilter.swift */,
				BE0675EA2E688B0800433AAB /* Throttler.swift */,
				BE5E90B52E7414FA002BCCBD /* AppInfo.swift */,
				BE5E90B72E74162E002BCCBD /* URL.swift */,
			);
			path = Utils;
			sourceTree = "<group>";
		};
		BE7CE3162E61F1BD0083D39F /* App */ = {
			isa = PBXGroup;
			children = (
				BE7CE3142E61F1BD0083D39F /* appApp.swift */,
				BE7CE3152E61F1BD0083D39F /* AppDelegate.swift */,
			);
			path = App;
			sourceTree = "<group>";
		};
		BEACC4D92E336125008F1B24 = {
			isa = PBXGroup;
			children = (
				BEACC5142E336142008F1B24 /* app */,
				BEACC51A2E336142008F1B24 /* appTests */,
				BEACC51E2E336142008F1B24 /* appUITests */,
				BEACC4E32E336125008F1B24 /* Products */,
			);
			sourceTree = "<group>";
		};
		BEACC4E32E336125008F1B24 /* Products */ = {
			isa = PBXGroup;
			children = (
				BEACC4E22E336125008F1B24 /* app.app */,
				BEACC4F22E336127008F1B24 /* appTests.xctest */,
				BEACC4FC2E336127008F1B24 /* appUITests.xctest */,
			);
			name = Products;
			sourceTree = "<group>";
		};
		BEACC5142E336142008F1B24 /* app */ = {
			isa = PBXGroup;
			children = (
				BE7CE2D32E6033070083D39F /* Info.plist */,
				BEBECA6D2E431D6B00F65D26 /* ML */,
				BEBECA7C2E431D6B00F65D26 /* RESOURCE */,
				BEBECA762E431D6B00F65D26 /* GLOBAL */,
				BEBECA802E431D6B00F65D26 /* FEAT */,
			);
			path = app;
			sourceTree = "<group>";
		};
		BEACC51A2E336142008F1B24 /* appTests */ = {
			isa = PBXGroup;
			children = (
				BEACC5192E336142008F1B24 /* appTests.swift */,
			);
			path = appTests;
			sourceTree = "<group>";
		};
		BEACC51E2E336142008F1B24 /* appUITests */ = {
			isa = PBXGroup;
			children = (
				BEACC51C2E336142008F1B24 /* appUITests.swift */,
				BEACC51D2E336142008F1B24 /* appUITestsLaunchTests.swift */,
			);
			path = appUITests;
			sourceTree = "<group>";
		};
		BEBECA6D2E431D6B00F65D26 /* ML */ = {
			isa = PBXGroup;
			children = (
				BE5E90852E72C5DF002BCCBD /* AIModel.swift */,
				BE5E90952E73E715002BCCBD /* BrightAlphaRegressor.mlmodel */,
				BE5E90962E73E715002BCCBD /* ContrastRegressor.mlmodel */,
				BE5E90972E73E715002BCCBD /* DarkAlphaRegressor.mlmodel */,
				BE5E90982E73E715002BCCBD /* GrainAlphaRegressor.mlmodel */,
				BE5E90992E73E715002BCCBD /* GrainScaleRegressor.mlmodel */,
				BE5E909A2E73E715002BCCBD /* TemperatureRegressor.mlmodel */,
				BE5E909B2E73E715002BCCBD /* ThresholdRegressor.mlmodel */,
			);
			path = ML;
			sourceTree = "<group>";
		};
		BEBECA762E431D6B00F65D26 /* GLOBAL */ = {
			isa = PBXGroup;
			children = (
				BE750DA82E7170C600AFD9A1 /* Model */,
				BE7CE3162E61F1BD0083D39F /* App */,
				BE7CE3122E61F1BD0083D39F /* Utils */,
				BE7CE30E2E61F1A00083D39F /* Protocol */,
				BE7CE3072E61F1980083D39F /* Extension */,
				BED4C4ED2E5EFA8200D276BC /* View */,
			);
			path = GLOBAL;
			sourceTree = "<group>";
		};
		BEBECA7C2E431D6B00F65D26 /* RESOURCE */ = {
			isa = PBXGroup;
			children = (
				BE7CE2AE2E6032F20083D39F /* Fonts */,
				BEBECA7B2E431D6B00F65D26 /* Assets.xcassets */,
			);
			path = RESOURCE;
			sourceTree = "<group>";
		};
		BEBECA802E431D6B00F65D26 /* FEAT */ = {
			isa = PBXGroup;
			children = (
				BE5E90A42E73F5D9002BCCBD /* Info */,
				BEBECA862E431DF900F65D26 /* Upload */,
				BEBECA892E431DF900F65D26 /* Edit */,
			);
			path = FEAT;
			sourceTree = "<group>";
		};
		BEBECA862E431DF900F65D26 /* Upload */ = {
			isa = PBXGroup;
			children = (
				BE8893E42E56F9040092BF41 /* UploadView.swift */,
				BE7CE2D62E6034940083D39F /* UploadTitle.swift */,
				BE8893F02E58A4B90092BF41 /* UploadStatus.swift */,
				BE8893F22E58A5200092BF41 /* UploadPicker.swift */,
				BE5E90A92E73F845002BCCBD /* UploadNavigation.swift */,
				BE7CE2F42E6097960083D39F /* UploadViewModel.swift */,
			);
			path = Upload;
			sourceTree = "<group>";
		};
		BEBECA892E431DF900F65D26 /* Edit */ = {
			isa = PBXGroup;
			children = (
				BE562A962E5C1DE400CF1EE9 /* EditView.swift */,
				BEC487872E66BD4300BD7490 /* EditUndoRedoBar.swift */,
				BE102E322E5FFF25005468DA /* EditNavigation.swift */,
				BE55FAF92E5C4D6500A32CDC /* EditZoomableImage.swift */,
				BEC4877C2E65E07900BD7490 /* EditToolTap.swift */,
				BE55FAFB2E5C500D00A32CDC /* EditToolButton.swift */,
				BED4C4EF2E5EFA8D00D276BC /* EditSlider.swift */,
				BED4C4E92E5EF40D00D276BC /* EditGrainTap.swift */,
				BED4C4F32E5F108A00D276BC /* EditAdjustTap.swift */,
				BED4C4F52E5F195600D276BC /* EditToneTap.swift */,
				BE562A972E5C1DE400CF1EE9 /* EditViewModel.swift */,
			);
			path = Edit;
			sourceTree = "<group>";
		};
		BED4C4ED2E5EFA8200D276BC /* View */ = {
			isa = PBXGroup;
			children = (
				BED4C4EC2E5EFA8200D276BC /* CustomSlider.swift */,
			);
			path = View;
			sourceTree = "<group>";
		};
/* End PBXGroup section */

/* Begin PBXNativeTarget section */
		BEACC4E12E336125008F1B24 /* app */ = {
			isa = PBXNativeTarget;
			buildConfigurationList = BEACC5062E336127008F1B24 /* Build configuration list for PBXNativeTarget "app" */;
			buildPhases = (
				BEACC4DE2E336125008F1B24 /* Sources */,
				BEACC4DF2E336125008F1B24 /* Frameworks */,
				BEACC4E02E336125008F1B24 /* Resources */,
			);
			buildRules = (
			);
			dependencies = (
			);
			name = app;
			packageProductDependencies = (
				BEC4878D2E66C5D700BD7490 /* BitCollections */,
				BEC4878F2E66C5D700BD7490 /* Collections */,
				BEC487912E66C5D700BD7490 /* DequeModule */,
				BEC487932E66C5D700BD7490 /* HashTreeCollections */,
				BEC487952E66C5D700BD7490 /* HeapModule */,
			);
			productName = app;
			productReference = BEACC4E22E336125008F1B24 /* app.app */;
			productType = "com.apple.product-type.application";
		};
		BEACC4F12E336127008F1B24 /* appTests */ = {
			isa = PBXNativeTarget;
			buildConfigurationList = BEACC5092E336127008F1B24 /* Build configuration list for PBXNativeTarget "appTests" */;
			buildPhases = (
				BEACC4EE2E336127008F1B24 /* Sources */,
				BEACC4EF2E336127008F1B24 /* Frameworks */,
				BEACC4F02E336127008F1B24 /* Resources */,
			);
			buildRules = (
			);
			dependencies = (
				BEACC4F42E336127008F1B24 /* PBXTargetDependency */,
			);
			name = appTests;
			packageProductDependencies = (
			);
			productName = appTests;
			productReference = BEACC4F22E336127008F1B24 /* appTests.xctest */;
			productType = "com.apple.product-type.bundle.unit-test";
		};
		BEACC4FB2E336127008F1B24 /* appUITests */ = {
			isa = PBXNativeTarget;
			buildConfigurationList = BEACC50C2E336127008F1B24 /* Build configuration list for PBXNativeTarget "appUITests" */;
			buildPhases = (
				BEACC4F82E336127008F1B24 /* Sources */,
				BEACC4F92E336127008F1B24 /* Frameworks */,
				BEACC4FA2E336127008F1B24 /* Resources */,
			);
			buildRules = (
			);
			dependencies = (
				BEACC4FE2E336127008F1B24 /* PBXTargetDependency */,
			);
			name = appUITests;
			packageProductDependencies = (
			);
			productName = appUITests;
			productReference = BEACC4FC2E336127008F1B24 /* appUITests.xctest */;
			productType = "com.apple.product-type.bundle.ui-testing";
		};
/* End PBXNativeTarget section */

/* Begin PBXProject section */
		BEACC4DA2E336125008F1B24 /* Project object */ = {
			isa = PBXProject;
			attributes = {
				BuildIndependentTargetsInParallel = 1;
				LastSwiftUpdateCheck = 1620;
				LastUpgradeCheck = 1620;
				TargetAttributes = {
					BEACC4E12E336125008F1B24 = {
						CreatedOnToolsVersion = 16.2;
					};
					BEACC4F12E336127008F1B24 = {
						CreatedOnToolsVersion = 16.2;
						TestTargetID = BEACC4E12E336125008F1B24;
					};
					BEACC4FB2E336127008F1B24 = {
						CreatedOnToolsVersion = 16.2;
						TestTargetID = BEACC4E12E336125008F1B24;
					};
				};
			};
			buildConfigurationList = BEACC4DD2E336125008F1B24 /* Build configuration list for PBXProject "app" */;
			developmentRegion = en;
			hasScannedForEncodings = 0;
			knownRegions = (
				en,
				Base,
			);
			mainGroup = BEACC4D92E336125008F1B24;
			minimizedProjectReferenceProxies = 1;
			packageReferences = (
				BEC4878C2E66C5D700BD7490 /* XCRemoteSwiftPackageReference "swift-collections" */,
			);
			preferredProjectObjectVersion = 77;
			productRefGroup = BEACC4E32E336125008F1B24 /* Products */;
			projectDirPath = "";
			projectRoot = "";
			targets = (
				BEACC4E12E336125008F1B24 /* app */,
				BEACC4F12E336127008F1B24 /* appTests */,
				BEACC4FB2E336127008F1B24 /* appUITests */,
			);
		};
/* End PBXProject section */

/* Begin PBXResourcesBuildPhase section */
		BEACC4E02E336125008F1B24 /* Resources */ = {
			isa = PBXResourcesBuildPhase;
			buildActionMask = 2147483647;
			files = (
				BEBECA7D2E431D6B00F65D26 /* Assets.xcassets in Resources */,
				BE7CE2C12E6032F30083D39F /* Poppins-Black.ttf in Resources */,
				BE7CE2C22E6032F30083D39F /* Poppins-BoldItalic.ttf in Resources */,
				BE7CE2C32E6032F30083D39F /* Poppins-Bold.ttf in Resources */,
				BE7CE2C42E6032F30083D39F /* Poppins-Thin.ttf in Resources */,
				BE7CE2C52E6032F30083D39F /* Poppins-ThinItalic.ttf in Resources */,
				BE7CE2C62E6032F30083D39F /* Poppins-Medium.ttf in Resources */,
				BE7CE2C72E6032F30083D39F /* Poppins-BlackItalic.ttf in Resources */,
				BE7CE2C82E6032F30083D39F /* Poppins-ExtraBold.ttf in Resources */,
				BE7CE2C92E6032F30083D39F /* Poppins-ExtraBoldItalic.ttf in Resources */,
				BE7CE2CA2E6032F30083D39F /* Poppins-Light.ttf in Resources */,
				BE7CE2CB2E6032F30083D39F /* Poppins-LightItalic.ttf in Resources */,
				BE7CE2CC2E6032F30083D39F /* Poppins-SemiBoldItalic.ttf in Resources */,
				BE7CE2CD2E6032F30083D39F /* Poppins-Regular.ttf in Resources */,
				BE7CE2CE2E6032F30083D39F /* Poppins-MediumItalic.ttf in Resources */,
				BE7CE2CF2E6032F30083D39F /* Poppins-Italic.ttf in Resources */,
				BE7CE2D02E6032F30083D39F /* Poppins-ExtraLightItalic.ttf in Resources */,
				BE7CE2D12E6032F30083D39F /* Poppins-ExtraLight.ttf in Resources */,
				BE7CE2D22E6032F30083D39F /* Poppins-SemiBold.ttf in Resources */,
			);
			runOnlyForDeploymentPostprocessing = 0;
		};
		BEACC4F02E336127008F1B24 /* Resources */ = {
			isa = PBXResourcesBuildPhase;
			buildActionMask = 2147483647;
			files = (
			);
			runOnlyForDeploymentPostprocessing = 0;
		};
		BEACC4FA2E336127008F1B24 /* Resources */ = {
			isa = PBXResourcesBuildPhase;
			buildActionMask = 2147483647;
			files = (
			);
			runOnlyForDeploymentPostprocessing = 0;
		};
/* End PBXResourcesBuildPhase section */

/* Begin PBXSourcesBuildPhase section */
		BEACC4DE2E336125008F1B24 /* Sources */ = {
			isa = PBXSourcesBuildPhase;
			buildActionMask = 2147483647;
			files = (
				BE562A992E5C1DE400CF1EE9 /* EditView.swift in Sources */,
				BED4C4F62E5F195600D276BC /* EditToneTap.swift in Sources */,
				BE562A9A2E5C1DE400CF1EE9 /* EditViewModel.swift in Sources */,
				BED4C4F02E5EFA8D00D276BC /* EditSlider.swift in Sources */,
				BE7CE3132E61F1BD0083D39F /* Filter.swift in Sources */,
				BEC487782E65B74800BD7490 /* Ext+CIColor.swift in Sources */,
				BE8893E52E56F9040092BF41 /* UploadView.swift in Sources */,
				BE5E90B42E7413CF002BCCBD /* InfoViewModel.swift in Sources */,
				BE8893F32E58A5200092BF41 /* UploadPicker.swift in Sources */,
				BE5E90A62E73F5E2002BCCBD /* InfoView.swift in Sources */,
				BE5E90B82E74162E002BCCBD /* URL.swift in Sources */,
				BED4C4EE2E5EFA8200D276BC /* CustomSlider.swift in Sources */,
				BED4C4F42E5F108A00D276BC /* EditAdjustTap.swift in Sources */,
				BE5E909C2E73E715002BCCBD /* ContrastRegressor.mlmodel in Sources */,
				BE5E909D2E73E715002BCCBD /* TemperatureRegressor.mlmodel in Sources */,
				BE5E909E2E73E715002BCCBD /* DarkAlphaRegressor.mlmodel in Sources */,
				BE5E909F2E73E715002BCCBD /* GrainAlphaRegressor.mlmodel in Sources */,
				BE5E90A02E73E715002BCCBD /* ThresholdRegressor.mlmodel in Sources */,
				BE5E90B02E74126D002BCCBD /* InfoButtonStack.swift in Sources */,
				BE5E90B62E7414FA002BCCBD /* AppInfo.swift in Sources */,
				BE5E90A12E73E715002BCCBD /* GrainScaleRegressor.mlmodel in Sources */,
				BE5E90A22E73E715002BCCBD /* BrightAlphaRegressor.mlmodel in Sources */,
				BE7CE3082E61F1980083D39F /* Ext+Color.swift in Sources */,
				BEC4876D2E65679400BD7490 /* Toast.swift in Sources */,
				BE7CE30A2E61F1980083D39F /* Ext+UIApplication.swift in Sources */,
				BE7CE30B2E61F1980083D39F /* Ext+UIImage.swift in Sources */,
				BE0675EB2E688B0800433AAB /* Throttler.swift in Sources */,
				BE7CE30C2E61F1980083D39F /* Ext+UIScreen.swift in Sources */,
				BE5E90862E72C5DF002BCCBD /* AIModel.swift in Sources */,
				BE7CE3172E61F1BD0083D39F /* appApp.swift in Sources */,
				BE7CE3182E61F1BD0083D39F /* AppDelegate.swift in Sources */,
				BE5E90AE2E740D1C002BCCBD /* InfoButton.swift in Sources */,
				BE102E332E5FFF25005468DA /* EditNavigation.swift in Sources */,
				BE55FAFA2E5C4D6500A32CDC /* EditZoomableImage.swift in Sources */,
				BEC4877D2E65E07900BD7490 /* EditToolTap.swift in Sources */,
				BE7CE2D52E6033F30083D39F /* Poppin.swift in Sources */,
				BE7CE2D72E6034940083D39F /* UploadTitle.swift in Sources */,
				BE5E90AC2E73F901002BCCBD /* InfoNavigation.swift in Sources */,
				BE8893F12E58A4B90092BF41 /* UploadStatus.swift in Sources */,
				BE750DA92E7170C600AFD9A1 /* ImageAsset.swift in Sources */,
				BE772DB52E68049D00D95AF6 /* ColorGradingFilter.swift in Sources */,
				BE7CE2F52E6097960083D39F /* UploadViewModel.swift in Sources */,
				BE5E90B22E7412F3002BCCBD /* InfoVersionText.swift in Sources */,
				BE5E90BA2E7419D1002BCCBD /* InfoEmailView.swift in Sources */,
				BED4C4EA2E5EF40D00D276BC /* EditGrainTap.swift in Sources */,
				BEBECA7A2E431D6B00F65D26 /* ViewModel.swift in Sources */,
				BE55FAFC2E5C500D00A32CDC /* EditToolButton.swift in Sources */,
				BEC487882E66BD4300BD7490 /* EditUndoRedoBar.swift in Sources */,
				BE5E90AA2E73F845002BCCBD /* UploadNavigation.swift in Sources */,
				BEC4877A2E65D99A00BD7490 /* Ext+Data.swift in Sources */,
			);
			runOnlyForDeploymentPostprocessing = 0;
		};
		BEACC4EE2E336127008F1B24 /* Sources */ = {
			isa = PBXSourcesBuildPhase;
			buildActionMask = 2147483647;
			files = (
				BEACC51B2E336142008F1B24 /* appTests.swift in Sources */,
			);
			runOnlyForDeploymentPostprocessing = 0;
		};
		BEACC4F82E336127008F1B24 /* Sources */ = {
			isa = PBXSourcesBuildPhase;
			buildActionMask = 2147483647;
			files = (
				BEACC51F2E336142008F1B24 /* appUITests.swift in Sources */,
				BEACC5202E336142008F1B24 /* appUITestsLaunchTests.swift in Sources */,
			);
			runOnlyForDeploymentPostprocessing = 0;
		};
/* End PBXSourcesBuildPhase section */

/* Begin PBXTargetDependency section */
		BEACC4F42E336127008F1B24 /* PBXTargetDependency */ = {
			isa = PBXTargetDependency;
			target = BEACC4E12E336125008F1B24 /* app */;
			targetProxy = BEACC4F32E336127008F1B24 /* PBXContainerItemProxy */;
		};
		BEACC4FE2E336127008F1B24 /* PBXTargetDependency */ = {
			isa = PBXTargetDependency;
			target = BEACC4E12E336125008F1B24 /* app */;
			targetProxy = BEACC4FD2E336127008F1B24 /* PBXContainerItemProxy */;
		};
/* End PBXTargetDependency section */

/* Begin XCBuildConfiguration section */
		BEACC5042E336127008F1B24 /* Debug */ = {
			isa = XCBuildConfiguration;
			buildSettings = {
				ALWAYS_SEARCH_USER_PATHS = NO;
				ASSETCATALOG_COMPILER_GENERATE_SWIFT_ASSET_SYMBOL_EXTENSIONS = YES;
				CLANG_ANALYZER_NONNULL = YES;
				CLANG_ANALYZER_NUMBER_OBJECT_CONVERSION = YES_AGGRESSIVE;
				CLANG_CXX_LANGUAGE_STANDARD = "gnu++20";
				CLANG_ENABLE_MODULES = YES;
				CLANG_ENABLE_OBJC_ARC = YES;
				CLANG_ENABLE_OBJC_WEAK = YES;
				CLANG_WARN_BLOCK_CAPTURE_AUTORELEASING = YES;
				CLANG_WARN_BOOL_CONVERSION = YES;
				CLANG_WARN_COMMA = YES;
				CLANG_WARN_CONSTANT_CONVERSION = YES;
				CLANG_WARN_DEPRECATED_OBJC_IMPLEMENTATIONS = YES;
				CLANG_WARN_DIRECT_OBJC_ISA_USAGE = YES_ERROR;
				CLANG_WARN_DOCUMENTATION_COMMENTS = YES;
				CLANG_WARN_EMPTY_BODY = YES;
				CLANG_WARN_ENUM_CONVERSION = YES;
				CLANG_WARN_INFINITE_RECURSION = YES;
				CLANG_WARN_INT_CONVERSION = YES;
				CLANG_WARN_NON_LITERAL_NULL_CONVERSION = YES;
				CLANG_WARN_OBJC_IMPLICIT_RETAIN_SELF = YES;
				CLANG_WARN_OBJC_LITERAL_CONVERSION = YES;
				CLANG_WARN_OBJC_ROOT_CLASS = YES_ERROR;
				CLANG_WARN_QUOTED_INCLUDE_IN_FRAMEWORK_HEADER = YES;
				CLANG_WARN_RANGE_LOOP_ANALYSIS = YES;
				CLANG_WARN_STRICT_PROTOTYPES = YES;
				CLANG_WARN_SUSPICIOUS_MOVE = YES;
				CLANG_WARN_UNGUARDED_AVAILABILITY = YES_AGGRESSIVE;
				CLANG_WARN_UNREACHABLE_CODE = YES;
				CLANG_WARN__DUPLICATE_METHOD_MATCH = YES;
				COPY_PHASE_STRIP = NO;
				DEBUG_INFORMATION_FORMAT = dwarf;
				ENABLE_STRICT_OBJC_MSGSEND = YES;
				ENABLE_TESTABILITY = YES;
				ENABLE_USER_SCRIPT_SANDBOXING = YES;
				GCC_C_LANGUAGE_STANDARD = gnu17;
				GCC_DYNAMIC_NO_PIC = NO;
				GCC_NO_COMMON_BLOCKS = YES;
				GCC_OPTIMIZATION_LEVEL = 0;
				GCC_PREPROCESSOR_DEFINITIONS = (
					"DEBUG=1",
					"$(inherited)",
				);
				GCC_WARN_64_TO_32_BIT_CONVERSION = YES;
				GCC_WARN_ABOUT_RETURN_TYPE = YES_ERROR;
				GCC_WARN_UNDECLARED_SELECTOR = YES;
				GCC_WARN_UNINITIALIZED_AUTOS = YES_AGGRESSIVE;
				GCC_WARN_UNUSED_FUNCTION = YES;
				GCC_WARN_UNUSED_VARIABLE = YES;
				IPHONEOS_DEPLOYMENT_TARGET = 18.2;
				LOCALIZATION_PREFERS_STRING_CATALOGS = YES;
				MTL_ENABLE_DEBUG_INFO = INCLUDE_SOURCE;
				MTL_FAST_MATH = YES;
				ONLY_ACTIVE_ARCH = YES;
				SDKROOT = iphoneos;
				SWIFT_ACTIVE_COMPILATION_CONDITIONS = "DEBUG $(inherited)";
				SWIFT_OPTIMIZATION_LEVEL = "-Onone";
			};
			name = Debug;
		};
		BEACC5052E336127008F1B24 /* Release */ = {
			isa = XCBuildConfiguration;
			buildSettings = {
				ALWAYS_SEARCH_USER_PATHS = NO;
				ASSETCATALOG_COMPILER_GENERATE_SWIFT_ASSET_SYMBOL_EXTENSIONS = YES;
				CLANG_ANALYZER_NONNULL = YES;
				CLANG_ANALYZER_NUMBER_OBJECT_CONVERSION = YES_AGGRESSIVE;
				CLANG_CXX_LANGUAGE_STANDARD = "gnu++20";
				CLANG_ENABLE_MODULES = YES;
				CLANG_ENABLE_OBJC_ARC = YES;
				CLANG_ENABLE_OBJC_WEAK = YES;
				CLANG_WARN_BLOCK_CAPTURE_AUTORELEASING = YES;
				CLANG_WARN_BOOL_CONVERSION = YES;
				CLANG_WARN_COMMA = YES;
				CLANG_WARN_CONSTANT_CONVERSION = YES;
				CLANG_WARN_DEPRECATED_OBJC_IMPLEMENTATIONS = YES;
				CLANG_WARN_DIRECT_OBJC_ISA_USAGE = YES_ERROR;
				CLANG_WARN_DOCUMENTATION_COMMENTS = YES;
				CLANG_WARN_EMPTY_BODY = YES;
				CLANG_WARN_ENUM_CONVERSION = YES;
				CLANG_WARN_INFINITE_RECURSION = YES;
				CLANG_WARN_INT_CONVERSION = YES;
				CLANG_WARN_NON_LITERAL_NULL_CONVERSION = YES;
				CLANG_WARN_OBJC_IMPLICIT_RETAIN_SELF = YES;
				CLANG_WARN_OBJC_LITERAL_CONVERSION = YES;
				CLANG_WARN_OBJC_ROOT_CLASS = YES_ERROR;
				CLANG_WARN_QUOTED_INCLUDE_IN_FRAMEWORK_HEADER = YES;
				CLANG_WARN_RANGE_LOOP_ANALYSIS = YES;
				CLANG_WARN_STRICT_PROTOTYPES = YES;
				CLANG_WARN_SUSPICIOUS_MOVE = YES;
				CLANG_WARN_UNGUARDED_AVAILABILITY = YES_AGGRESSIVE;
				CLANG_WARN_UNREACHABLE_CODE = YES;
				CLANG_WARN__DUPLICATE_METHOD_MATCH = YES;
				COPY_PHASE_STRIP = NO;
				DEBUG_INFORMATION_FORMAT = "dwarf-with-dsym";
				ENABLE_NS_ASSERTIONS = NO;
				ENABLE_STRICT_OBJC_MSGSEND = YES;
				ENABLE_USER_SCRIPT_SANDBOXING = YES;
				GCC_C_LANGUAGE_STANDARD = gnu17;
				GCC_NO_COMMON_BLOCKS = YES;
				GCC_WARN_64_TO_32_BIT_CONVERSION = YES;
				GCC_WARN_ABOUT_RETURN_TYPE = YES_ERROR;
				GCC_WARN_UNDECLARED_SELECTOR = YES;
				GCC_WARN_UNINITIALIZED_AUTOS = YES_AGGRESSIVE;
				GCC_WARN_UNUSED_FUNCTION = YES;
				GCC_WARN_UNUSED_VARIABLE = YES;
				IPHONEOS_DEPLOYMENT_TARGET = 18.2;
				LOCALIZATION_PREFERS_STRING_CATALOGS = YES;
				MTL_ENABLE_DEBUG_INFO = NO;
				MTL_FAST_MATH = YES;
				SDKROOT = iphoneos;
				SWIFT_COMPILATION_MODE = wholemodule;
				VALIDATE_PRODUCT = YES;
			};
			name = Release;
		};
		BEACC5072E336127008F1B24 /* Debug */ = {
			isa = XCBuildConfiguration;
			buildSettings = {
				ASSETCATALOG_COMPILER_APPICON_NAME = AppIcon;
				ASSETCATALOG_COMPILER_GLOBAL_ACCENT_COLOR_NAME = AccentColor;
				CODE_SIGN_STYLE = Automatic;
				CURRENT_PROJECT_VERSION = 1;
				DEVELOPMENT_ASSET_PATHS = "\"app/Preview Content\"";
				DEVELOPMENT_TEAM = 7HDHR2SNR7;
				ENABLE_PREVIEWS = YES;
				GENERATE_INFOPLIST_FILE = YES;
				INFOPLIST_FILE = app/Info.plist;
				INFOPLIST_KEY_CFBundleDisplayName = "Film-Grain";
				INFOPLIST_KEY_LSApplicationCategoryType = "public.app-category.photography";
				INFOPLIST_KEY_NSCameraUsageDescription = "\"카메라에 대한 접근 권한이 필요합니다\"";
				INFOPLIST_KEY_NSPhotoLibraryUsageDescription = "Film-Grain needs access to your photos so you can import images and edit them.";
				INFOPLIST_KEY_UIApplicationSceneManifest_Generation = YES;
				INFOPLIST_KEY_UIApplicationSupportsIndirectInputEvents = YES;
				INFOPLIST_KEY_UILaunchScreen_Generation = YES;
				INFOPLIST_KEY_UIRequiresFullScreen = YES;
				INFOPLIST_KEY_UIStatusBarStyle = "";
				INFOPLIST_KEY_UISupportedInterfaceOrientations = UIInterfaceOrientationPortrait;
				INFOPLIST_KEY_UIUserInterfaceStyle = Dark;
				IPHONEOS_DEPLOYMENT_TARGET = 18.0;
				LD_RUNPATH_SEARCH_PATHS = (
					"$(inherited)",
					"@executable_path/Frameworks",
				);
				MARKETING_VERSION = 1.0;
				PRODUCT_BUNDLE_IDENTIFIER = co.1008.film;
				PRODUCT_NAME = "$(TARGET_NAME)";
				SUPPORTED_PLATFORMS = "iphoneos iphonesimulator";
				SUPPORTS_MACCATALYST = NO;
				SUPPORTS_MAC_DESIGNED_FOR_IPHONE_IPAD = NO;
				SUPPORTS_XR_DESIGNED_FOR_IPHONE_IPAD = NO;
				SWIFT_EMIT_LOC_STRINGS = YES;
				SWIFT_VERSION = 5.0;
				TARGETED_DEVICE_FAMILY = 1;
			};
			name = Debug;
		};
		BEACC5082E336127008F1B24 /* Release */ = {
			isa = XCBuildConfiguration;
			buildSettings = {
				ASSETCATALOG_COMPILER_APPICON_NAME = AppIcon;
				ASSETCATALOG_COMPILER_GLOBAL_ACCENT_COLOR_NAME = AccentColor;
				CODE_SIGN_STYLE = Automatic;
				CURRENT_PROJECT_VERSION = 1;
				DEVELOPMENT_ASSET_PATHS = "\"app/Preview Content\"";
				DEVELOPMENT_TEAM = 7HDHR2SNR7;
				ENABLE_PREVIEWS = YES;
				GENERATE_INFOPLIST_FILE = YES;
				INFOPLIST_FILE = app/Info.plist;
				INFOPLIST_KEY_CFBundleDisplayName = "Film-Grain";
				INFOPLIST_KEY_LSApplicationCategoryType = "public.app-category.photography";
				INFOPLIST_KEY_NSCameraUsageDescription = "\"카메라에 대한 접근 권한이 필요합니다\"";
				INFOPLIST_KEY_NSPhotoLibraryUsageDescription = "Film-Grain needs access to your photos so you can import images and edit them.";
				INFOPLIST_KEY_UIApplicationSceneManifest_Generation = YES;
				INFOPLIST_KEY_UIApplicationSupportsIndirectInputEvents = YES;
				INFOPLIST_KEY_UILaunchScreen_Generation = YES;
				INFOPLIST_KEY_UIRequiresFullScreen = YES;
				INFOPLIST_KEY_UIStatusBarStyle = "";
				INFOPLIST_KEY_UISupportedInterfaceOrientations = UIInterfaceOrientationPortrait;
				INFOPLIST_KEY_UIUserInterfaceStyle = Dark;
				IPHONEOS_DEPLOYMENT_TARGET = 18.0;
				LD_RUNPATH_SEARCH_PATHS = (
					"$(inherited)",
					"@executable_path/Frameworks",
				);
				MARKETING_VERSION = 1.0;
				PRODUCT_BUNDLE_IDENTIFIER = co.1008.film;
				PRODUCT_NAME = "$(TARGET_NAME)";
				SUPPORTED_PLATFORMS = "iphoneos iphonesimulator";
				SUPPORTS_MACCATALYST = NO;
				SUPPORTS_MAC_DESIGNED_FOR_IPHONE_IPAD = NO;
				SUPPORTS_XR_DESIGNED_FOR_IPHONE_IPAD = NO;
				SWIFT_EMIT_LOC_STRINGS = YES;
				SWIFT_VERSION = 5.0;
				TARGETED_DEVICE_FAMILY = 1;
			};
			name = Release;
		};
		BEACC50A2E336127008F1B24 /* Debug */ = {
			isa = XCBuildConfiguration;
			buildSettings = {
				BUNDLE_LOADER = "$(TEST_HOST)";
				CODE_SIGN_STYLE = Automatic;
				CURRENT_PROJECT_VERSION = 1;
				DEVELOPMENT_TEAM = 7HDHR2SNR7;
				GENERATE_INFOPLIST_FILE = YES;
				IPHONEOS_DEPLOYMENT_TARGET = 18.2;
				MARKETING_VERSION = 1.0;
				PRODUCT_BUNDLE_IDENTIFIER = co.1008.film.appTests;
				PRODUCT_NAME = "$(TARGET_NAME)";
				SWIFT_EMIT_LOC_STRINGS = NO;
				SWIFT_VERSION = 5.0;
				TARGETED_DEVICE_FAMILY = "1,2";
				TEST_HOST = "$(BUILT_PRODUCTS_DIR)/app.app/$(BUNDLE_EXECUTABLE_FOLDER_PATH)/app";
			};
			name = Debug;
		};
		BEACC50B2E336127008F1B24 /* Release */ = {
			isa = XCBuildConfiguration;
			buildSettings = {
				BUNDLE_LOADER = "$(TEST_HOST)";
				CODE_SIGN_STYLE = Automatic;
				CURRENT_PROJECT_VERSION = 1;
				DEVELOPMENT_TEAM = 7HDHR2SNR7;
				GENERATE_INFOPLIST_FILE = YES;
				IPHONEOS_DEPLOYMENT_TARGET = 18.2;
				MARKETING_VERSION = 1.0;
				PRODUCT_BUNDLE_IDENTIFIER = co.1008.film.appTests;
				PRODUCT_NAME = "$(TARGET_NAME)";
				SWIFT_EMIT_LOC_STRINGS = NO;
				SWIFT_VERSION = 5.0;
				TARGETED_DEVICE_FAMILY = "1,2";
				TEST_HOST = "$(BUILT_PRODUCTS_DIR)/app.app/$(BUNDLE_EXECUTABLE_FOLDER_PATH)/app";
			};
			name = Release;
		};
		BEACC50D2E336127008F1B24 /* Debug */ = {
			isa = XCBuildConfiguration;
			buildSettings = {
				CODE_SIGN_STYLE = Automatic;
				CURRENT_PROJECT_VERSION = 1;
				DEVELOPMENT_TEAM = 7HDHR2SNR7;
				GENERATE_INFOPLIST_FILE = YES;
				MARKETING_VERSION = 1.0;
				PRODUCT_BUNDLE_IDENTIFIER = co.1008.film.appUITests;
				PRODUCT_NAME = "$(TARGET_NAME)";
				SWIFT_EMIT_LOC_STRINGS = NO;
				SWIFT_VERSION = 5.0;
				TARGETED_DEVICE_FAMILY = "1,2";
				TEST_TARGET_NAME = app;
			};
			name = Debug;
		};
		BEACC50E2E336127008F1B24 /* Release */ = {
			isa = XCBuildConfiguration;
			buildSettings = {
				CODE_SIGN_STYLE = Automatic;
				CURRENT_PROJECT_VERSION = 1;
				DEVELOPMENT_TEAM = 7HDHR2SNR7;
				GENERATE_INFOPLIST_FILE = YES;
				MARKETING_VERSION = 1.0;
				PRODUCT_BUNDLE_IDENTIFIER = co.1008.film.appUITests;
				PRODUCT_NAME = "$(TARGET_NAME)";
				SWIFT_EMIT_LOC_STRINGS = NO;
				SWIFT_VERSION = 5.0;
				TARGETED_DEVICE_FAMILY = "1,2";
				TEST_TARGET_NAME = app;
			};
			name = Release;
		};
/* End XCBuildConfiguration section */

/* Begin XCConfigurationList section */
		BEACC4DD2E336125008F1B24 /* Build configuration list for PBXProject "app" */ = {
			isa = XCConfigurationList;
			buildConfigurations = (
				BEACC5042E336127008F1B24 /* Debug */,
				BEACC5052E336127008F1B24 /* Release */,
			);
			defaultConfigurationIsVisible = 0;
			defaultConfigurationName = Release;
		};
		BEACC5062E336127008F1B24 /* Build configuration list for PBXNativeTarget "app" */ = {
			isa = XCConfigurationList;
			buildConfigurations = (
				BEACC5072E336127008F1B24 /* Debug */,
				BEACC5082E336127008F1B24 /* Release */,
			);
			defaultConfigurationIsVisible = 0;
			defaultConfigurationName = Release;
		};
		BEACC5092E336127008F1B24 /* Build configuration list for PBXNativeTarget "appTests" */ = {
			isa = XCConfigurationList;
			buildConfigurations = (
				BEACC50A2E336127008F1B24 /* Debug */,
				BEACC50B2E336127008F1B24 /* Release */,
			);
			defaultConfigurationIsVisible = 0;
			defaultConfigurationName = Release;
		};
		BEACC50C2E336127008F1B24 /* Build configuration list for PBXNativeTarget "appUITests" */ = {
			isa = XCConfigurationList;
			buildConfigurations = (
				BEACC50D2E336127008F1B24 /* Debug */,
				BEACC50E2E336127008F1B24 /* Release */,
			);
			defaultConfigurationIsVisible = 0;
			defaultConfigurationName = Release;
		};
/* End XCConfigurationList section */

/* Begin XCRemoteSwiftPackageReference section */
		BEC4878C2E66C5D700BD7490 /* XCRemoteSwiftPackageReference "swift-collections" */ = {
			isa = XCRemoteSwiftPackageReference;
			repositoryURL = "https://github.com/apple/swift-collections.git";
			requirement = {
				kind = upToNextMajorVersion;
				minimumVersion = 1.2.1;
			};
		};
/* End XCRemoteSwiftPackageReference section */

/* Begin XCSwiftPackageProductDependency section */
		BEC4878D2E66C5D700BD7490 /* BitCollections */ = {
			isa = XCSwiftPackageProductDependency;
			package = BEC4878C2E66C5D700BD7490 /* XCRemoteSwiftPackageReference "swift-collections" */;
			productName = BitCollections;
		};
		BEC4878F2E66C5D700BD7490 /* Collections */ = {
			isa = XCSwiftPackageProductDependency;
			package = BEC4878C2E66C5D700BD7490 /* XCRemoteSwiftPackageReference "swift-collections" */;
			productName = Collections;
		};
		BEC487912E66C5D700BD7490 /* DequeModule */ = {
			isa = XCSwiftPackageProductDependency;
			package = BEC4878C2E66C5D700BD7490 /* XCRemoteSwiftPackageReference "swift-collections" */;
			productName = DequeModule;
		};
		BEC487932E66C5D700BD7490 /* HashTreeCollections */ = {
			isa = XCSwiftPackageProductDependency;
			package = BEC4878C2E66C5D700BD7490 /* XCRemoteSwiftPackageReference "swift-collections" */;
			productName = HashTreeCollections;
		};
		BEC487952E66C5D700BD7490 /* HeapModule */ = {
			isa = XCSwiftPackageProductDependency;
			package = BEC4878C2E66C5D700BD7490 /* XCRemoteSwiftPackageReference "swift-collections" */;
			productName = HeapModule;
		};
/* End XCSwiftPackageProductDependency section */
	};
	rootObject = BEACC4DA2E336125008F1B24 /* Project object */;
}
