// !$*UTF8*$!
{
	archiveVersion = 1;
	classes = {
	};
	objectVersion = 77;
	objects = {

/* Begin PBXBuildFile section */
		BE8893D62E56F8720092BF41 /* EditAiButton.swift in Sources */ = {isa = PBXBuildFile; fileRef = BE8893CB2E56F8720092BF41 /* EditAiButton.swift */; };
		BE8893D72E56F8720092BF41 /* EditColorGrading.swift in Sources */ = {isa = PBXBuildFile; fileRef = BE8893CC2E56F8720092BF41 /* EditColorGrading.swift */; };
		BE8893D82E56F8720092BF41 /* EditContrast.swift in Sources */ = {isa = PBXBuildFile; fileRef = BE8893CD2E56F8720092BF41 /* EditContrast.swift */; };
		BE8893D92E56F8720092BF41 /* EditGrain.swift in Sources */ = {isa = PBXBuildFile; fileRef = BE8893CE2E56F8720092BF41 /* EditGrain.swift */; };
		BE8893DA2E56F8720092BF41 /* EditImage.swift in Sources */ = {isa = PBXBuildFile; fileRef = BE8893CF2E56F8720092BF41 /* EditImage.swift */; };
		BE8893DB2E56F8720092BF41 /* EditPhotoPicker.swift in Sources */ = {isa = PBXBuildFile; fileRef = BE8893D02E56F8720092BF41 /* EditPhotoPicker.swift */; };
		BE8893DC2E56F8720092BF41 /* EditSaveButton.swift in Sources */ = {isa = PBXBuildFile; fileRef = BE8893D12E56F8720092BF41 /* EditSaveButton.swift */; };
		BE8893DD2E56F8720092BF41 /* EditSlider.swift in Sources */ = {isa = PBXBuildFile; fileRef = BE8893D22E56F8720092BF41 /* EditSlider.swift */; };
		BE8893DE2E56F8720092BF41 /* EditTemperature.swift in Sources */ = {isa = PBXBuildFile; fileRef = BE8893D32E56F8720092BF41 /* EditTemperature.swift */; };
		BE8893DF2E56F8720092BF41 /* EditView.swift in Sources */ = {isa = PBXBuildFile; fileRef = BE8893D42E56F8720092BF41 /* EditView.swift */; };
		BE8893E32E56F87F0092BF41 /* UploadViewModel.swift in Sources */ = {isa = PBXBuildFile; fileRef = BE8893E22E56F87F0092BF41 /* UploadViewModel.swift */; };
		BE8893E52E56F9040092BF41 /* UploadView.swift in Sources */ = {isa = PBXBuildFile; fileRef = BE8893E42E56F9040092BF41 /* UploadView.swift */; };
		BE8893E92E570DD60092BF41 /* Ext+View.swift in Sources */ = {isa = PBXBuildFile; fileRef = BE8893E82E570DD60092BF41 /* Ext+View.swift */; };
		BE8893ED2E587A8A0092BF41 /* Ext+UIApplication.swift in Sources */ = {isa = PBXBuildFile; fileRef = BE8893EC2E587A890092BF41 /* Ext+UIApplication.swift */; };
		BE8893EF2E58A33C0092BF41 /* AppDelegate.swift in Sources */ = {isa = PBXBuildFile; fileRef = BE8893EE2E58A33C0092BF41 /* AppDelegate.swift */; };
		BE8893F12E58A4B90092BF41 /* UploadButton.swift in Sources */ = {isa = PBXBuildFile; fileRef = BE8893F02E58A4B90092BF41 /* UploadButton.swift */; };
		BE8893F32E58A5200092BF41 /* UploadPicker.swift in Sources */ = {isa = PBXBuildFile; fileRef = BE8893F22E58A5200092BF41 /* UploadPicker.swift */; };
		BEACC51B2E336142008F1B24 /* appTests.swift in Sources */ = {isa = PBXBuildFile; fileRef = BEACC5192E336142008F1B24 /* appTests.swift */; };
		BEACC51F2E336142008F1B24 /* appUITests.swift in Sources */ = {isa = PBXBuildFile; fileRef = BEACC51C2E336142008F1B24 /* appUITests.swift */; };
		BEACC5202E336142008F1B24 /* appUITestsLaunchTests.swift in Sources */ = {isa = PBXBuildFile; fileRef = BEACC51D2E336142008F1B24 /* appUITestsLaunchTests.swift */; };
		BEBECA6E2E431D6B00F65D26 /* ContrastRegressor.mlmodel in Sources */ = {isa = PBXBuildFile; fileRef = BEBECA692E431D6B00F65D26 /* ContrastRegressor.mlmodel */; };
		BEBECA6F2E431D6B00F65D26 /* GrainAlphaRegressor.mlmodel in Sources */ = {isa = PBXBuildFile; fileRef = BEBECA6A2E431D6B00F65D26 /* GrainAlphaRegressor.mlmodel */; };
		BEBECA702E431D6B00F65D26 /* GrainScaleRegressor.mlmodel in Sources */ = {isa = PBXBuildFile; fileRef = BEBECA6B2E431D6B00F65D26 /* GrainScaleRegressor.mlmodel */; };
		BEBECA712E431D6B00F65D26 /* GrainModels.swift in Sources */ = {isa = PBXBuildFile; fileRef = BEBECA6C2E431D6B00F65D26 /* GrainModels.swift */; };
		BEBECA772E431D6B00F65D26 /* appApp.swift in Sources */ = {isa = PBXBuildFile; fileRef = BEBECA722E431D6B00F65D26 /* appApp.swift */; };
		BEBECA782E431D6B00F65D26 /* Ext+PhotosPickerItem.swift in Sources */ = {isa = PBXBuildFile; fileRef = BEBECA732E431D6B00F65D26 /* Ext+PhotosPickerItem.swift */; };
		BEBECA792E431D6B00F65D26 /* Ext+UIImage.swift in Sources */ = {isa = PBXBuildFile; fileRef = BEBECA742E431D6B00F65D26 /* Ext+UIImage.swift */; };
		BEBECA7A2E431D6B00F65D26 /* ViewModel.swift in Sources */ = {isa = PBXBuildFile; fileRef = BEBECA752E431D6B00F65D26 /* ViewModel.swift */; };
		BEBECA7D2E431D6B00F65D26 /* Assets.xcassets in Resources */ = {isa = PBXBuildFile; fileRef = BEBECA7B2E431D6B00F65D26 /* Assets.xcassets */; };
		BEBECA8A2E431DF900F65D26 /* EditViewModel.swift in Sources */ = {isa = PBXBuildFile; fileRef = BEBECA882E431DF900F65D26 /* EditViewModel.swift */; };
		BEBECA9E2E4329BC00F65D26 /* Ext+UIScreen.swift in Sources */ = {isa = PBXBuildFile; fileRef = BEBECA9D2E4329BC00F65D26 /* Ext+UIScreen.swift */; };
		BEBECAA22E4347E100F65D26 /* Filter.swift in Sources */ = {isa = PBXBuildFile; fileRef = BEBECAA12E4347E100F65D26 /* Filter.swift */; };
/* End PBXBuildFile section */

/* Begin PBXContainerItemProxy section */
		BEACC4F32E336127008F1B24 /* PBXContainerItemProxy */ = {
			isa = PBXContainerItemProxy;
			containerPortal = BEACC4DA2E336125008F1B24 /* Project object */;
			proxyType = 1;
			remoteGlobalIDString = BEACC4E12E336125008F1B24;
			remoteInfo = app;
		};
		BEACC4FD2E336127008F1B24 /* PBXContainerItemProxy */ = {
			isa = PBXContainerItemProxy;
			containerPortal = BEACC4DA2E336125008F1B24 /* Project object */;
			proxyType = 1;
			remoteGlobalIDString = BEACC4E12E336125008F1B24;
			remoteInfo = app;
		};
/* End PBXContainerItemProxy section */

/* Begin PBXFileReference section */
		BE8893CB2E56F8720092BF41 /* EditAiButton.swift */ = {isa = PBXFileReference; lastKnownFileType = sourcecode.swift; path = EditAiButton.swift; sourceTree = "<group>"; };
		BE8893CC2E56F8720092BF41 /* EditColorGrading.swift */ = {isa = PBXFileReference; lastKnownFileType = sourcecode.swift; path = EditColorGrading.swift; sourceTree = "<group>"; };
		BE8893CD2E56F8720092BF41 /* EditContrast.swift */ = {isa = PBXFileReference; lastKnownFileType = sourcecode.swift; path = EditContrast.swift; sourceTree = "<group>"; };
		BE8893CE2E56F8720092BF41 /* EditGrain.swift */ = {isa = PBXFileReference; lastKnownFileType = sourcecode.swift; path = EditGrain.swift; sourceTree = "<group>"; };
		BE8893CF2E56F8720092BF41 /* EditImage.swift */ = {isa = PBXFileReference; lastKnownFileType = sourcecode.swift; path = EditImage.swift; sourceTree = "<group>"; };
		BE8893D02E56F8720092BF41 /* EditPhotoPicker.swift */ = {isa = PBXFileReference; lastKnownFileType = sourcecode.swift; path = EditPhotoPicker.swift; sourceTree = "<group>"; };
		BE8893D12E56F8720092BF41 /* EditSaveButton.swift */ = {isa = PBXFileReference; lastKnownFileType = sourcecode.swift; path = EditSaveButton.swift; sourceTree = "<group>"; };
		BE8893D22E56F8720092BF41 /* EditSlider.swift */ = {isa = PBXFileReference; lastKnownFileType = sourcecode.swift; path = EditSlider.swift; sourceTree = "<group>"; };
		BE8893D32E56F8720092BF41 /* EditTemperature.swift */ = {isa = PBXFileReference; lastKnownFileType = sourcecode.swift; path = EditTemperature.swift; sourceTree = "<group>"; };
		BE8893D42E56F8720092BF41 /* EditView.swift */ = {isa = PBXFileReference; lastKnownFileType = sourcecode.swift; path = EditView.swift; sourceTree = "<group>"; };
		BE8893E22E56F87F0092BF41 /* UploadViewModel.swift */ = {isa = PBXFileReference; lastKnownFileType = sourcecode.swift; path = UploadViewModel.swift; sourceTree = "<group>"; };
		BE8893E42E56F9040092BF41 /* UploadView.swift */ = {isa = PBXFileReference; lastKnownFileType = sourcecode.swift; path = UploadView.swift; sourceTree = "<group>"; };
		BE8893E82E570DD60092BF41 /* Ext+View.swift */ = {isa = PBXFileReference; lastKnownFileType = sourcecode.swift; path = "Ext+View.swift"; sourceTree = "<group>"; };
		BE8893EC2E587A890092BF41 /* Ext+UIApplication.swift */ = {isa = PBXFileReference; lastKnownFileType = sourcecode.swift; path = "Ext+UIApplication.swift"; sourceTree = "<group>"; };
		BE8893EE2E58A33C0092BF41 /* AppDelegate.swift */ = {isa = PBXFileReference; lastKnownFileType = sourcecode.swift; path = AppDelegate.swift; sourceTree = "<group>"; };
		BE8893F02E58A4B90092BF41 /* UploadButton.swift */ = {isa = PBXFileReference; lastKnownFileType = sourcecode.swift; path = UploadButton.swift; sourceTree = "<group>"; };
		BE8893F22E58A5200092BF41 /* UploadPicker.swift */ = {isa = PBXFileReference; lastKnownFileType = sourcecode.swift; path = UploadPicker.swift; sourceTree = "<group>"; };
		BEACC4E22E336125008F1B24 /* app.app */ = {isa = PBXFileReference; explicitFileType = wrapper.application; includeInIndex = 0; path = app.app; sourceTree = BUILT_PRODUCTS_DIR; };
		BEACC4F22E336127008F1B24 /* appTests.xctest */ = {isa = PBXFileReference; explicitFileType = wrapper.cfbundle; includeInIndex = 0; path = appTests.xctest; sourceTree = BUILT_PRODUCTS_DIR; };
		BEACC4FC2E336127008F1B24 /* appUITests.xctest */ = {isa = PBXFileReference; explicitFileType = wrapper.cfbundle; includeInIndex = 0; path = appUITests.xctest; sourceTree = BUILT_PRODUCTS_DIR; };
		BEACC5192E336142008F1B24 /* appTests.swift */ = {isa = PBXFileReference; lastKnownFileType = sourcecode.swift; path = appTests.swift; sourceTree = "<group>"; };
		BEACC51C2E336142008F1B24 /* appUITests.swift */ = {isa = PBXFileReference; lastKnownFileType = sourcecode.swift; path = appUITests.swift; sourceTree = "<group>"; };
		BEACC51D2E336142008F1B24 /* appUITestsLaunchTests.swift */ = {isa = PBXFileReference; lastKnownFileType = sourcecode.swift; path = appUITestsLaunchTests.swift; sourceTree = "<group>"; };
		BEBECA692E431D6B00F65D26 /* ContrastRegressor.mlmodel */ = {isa = PBXFileReference; lastKnownFileType = file.mlmodel; path = ContrastRegressor.mlmodel; sourceTree = "<group>"; };
		BEBECA6A2E431D6B00F65D26 /* GrainAlphaRegressor.mlmodel */ = {isa = PBXFileReference; lastKnownFileType = file.mlmodel; path = GrainAlphaRegressor.mlmodel; sourceTree = "<group>"; };
		BEBECA6B2E431D6B00F65D26 /* GrainScaleRegressor.mlmodel */ = {isa = PBXFileReference; lastKnownFileType = file.mlmodel; path = GrainScaleRegressor.mlmodel; sourceTree = "<group>"; };
		BEBECA6C2E431D6B00F65D26 /* GrainModels.swift */ = {isa = PBXFileReference; lastKnownFileType = sourcecode.swift; path = GrainModels.swift; sourceTree = "<group>"; };
		BEBECA722E431D6B00F65D26 /* appApp.swift */ = {isa = PBXFileReference; lastKnownFileType = sourcecode.swift; path = appApp.swift; sourceTree = "<group>"; };
		BEBECA732E431D6B00F65D26 /* Ext+PhotosPickerItem.swift */ = {isa = PBXFileReference; lastKnownFileType = sourcecode.swift; path = "Ext+PhotosPickerItem.swift"; sourceTree = "<group>"; };
		BEBECA742E431D6B00F65D26 /* Ext+UIImage.swift */ = {isa = PBXFileReference; lastKnownFileType = sourcecode.swift; path = "Ext+UIImage.swift"; sourceTree = "<group>"; };
		BEBECA752E431D6B00F65D26 /* ViewModel.swift */ = {isa = PBXFileReference; lastKnownFileType = sourcecode.swift; path = ViewModel.swift; sourceTree = "<group>"; };
		BEBECA7B2E431D6B00F65D26 /* Assets.xcassets */ = {isa = PBXFileReference; lastKnownFileType = folder.assetcatalog; path = Assets.xcassets; sourceTree = "<group>"; };
		BEBECA882E431DF900F65D26 /* EditViewModel.swift */ = {isa = PBXFileReference; lastKnownFileType = sourcecode.swift; path = EditViewModel.swift; sourceTree = "<group>"; };
		BEBECA9D2E4329BC00F65D26 /* Ext+UIScreen.swift */ = {isa = PBXFileReference; lastKnownFileType = sourcecode.swift; path = "Ext+UIScreen.swift"; sourceTree = "<group>"; };
		BEBECAA12E4347E100F65D26 /* Filter.swift */ = {isa = PBXFileReference; lastKnownFileType = sourcecode.swift; path = Filter.swift; sourceTree = "<group>"; };
/* End PBXFileReference section */

/* Begin PBXFrameworksBuildPhase section */
		BEACC4DF2E336125008F1B24 /* Frameworks */ = {
			isa = PBXFrameworksBuildPhase;
			buildActionMask = 2147483647;
			files = (
			);
			runOnlyForDeploymentPostprocessing = 0;
		};
		BEACC4EF2E336127008F1B24 /* Frameworks */ = {
			isa = PBXFrameworksBuildPhase;
			buildActionMask = 2147483647;
			files = (
			);
			runOnlyForDeploymentPostprocessing = 0;
		};
		BEACC4F92E336127008F1B24 /* Frameworks */ = {
			isa = PBXFrameworksBuildPhase;
			buildActionMask = 2147483647;
			files = (
			);
			runOnlyForDeploymentPostprocessing = 0;
		};
/* End PBXFrameworksBuildPhase section */

/* Begin PBXGroup section */
		BE8893D52E56F8720092BF41 /* Edit */ = {
			isa = PBXGroup;
			children = (
				BE8893D42E56F8720092BF41 /* EditView.swift */,
				BE8893CB2E56F8720092BF41 /* EditAiButton.swift */,
				BE8893CC2E56F8720092BF41 /* EditColorGrading.swift */,
				BE8893CD2E56F8720092BF41 /* EditContrast.swift */,
				BE8893CE2E56F8720092BF41 /* EditGrain.swift */,
				BE8893CF2E56F8720092BF41 /* EditImage.swift */,
				BE8893D02E56F8720092BF41 /* EditPhotoPicker.swift */,
				BE8893D12E56F8720092BF41 /* EditSaveButton.swift */,
				BE8893D22E56F8720092BF41 /* EditSlider.swift */,
				BE8893D32E56F8720092BF41 /* EditTemperature.swift */,
			);
			path = Edit;
			sourceTree = "<group>";
		};
		BE8893E02E56F8720092BF41 /* Upload */ = {
			isa = PBXGroup;
			children = (
				BE8893E42E56F9040092BF41 /* UploadView.swift */,
				BE8893F02E58A4B90092BF41 /* UploadButton.swift */,
				BE8893F22E58A5200092BF41 /* UploadPicker.swift */,
			);
			path = Upload;
			sourceTree = "<group>";
		};
		BEACC4D92E336125008F1B24 = {
			isa = PBXGroup;
			children = (
				BEACC5142E336142008F1B24 /* app */,
				BEACC51A2E336142008F1B24 /* appTests */,
				BEACC51E2E336142008F1B24 /* appUITests */,
				BEACC4E32E336125008F1B24 /* Products */,
			);
			sourceTree = "<group>";
		};
		BEACC4E32E336125008F1B24 /* Products */ = {
			isa = PBXGroup;
			children = (
				BEACC4E22E336125008F1B24 /* app.app */,
				BEACC4F22E336127008F1B24 /* appTests.xctest */,
				BEACC4FC2E336127008F1B24 /* appUITests.xctest */,
			);
			name = Products;
			sourceTree = "<group>";
		};
		BEACC5142E336142008F1B24 /* app */ = {
			isa = PBXGroup;
			children = (
				BEBECA6D2E431D6B00F65D26 /* ML */,
				BEBECA7C2E431D6B00F65D26 /* RESOURCE */,
				BEBECA762E431D6B00F65D26 /* GLOBAL */,
				BEBECA802E431D6B00F65D26 /* FEAT */,
			);
			path = app;
			sourceTree = "<group>";
		};
		BEACC51A2E336142008F1B24 /* appTests */ = {
			isa = PBXGroup;
			children = (
				BEACC5192E336142008F1B24 /* appTests.swift */,
			);
			path = appTests;
			sourceTree = "<group>";
		};
		BEACC51E2E336142008F1B24 /* appUITests */ = {
			isa = PBXGroup;
			children = (
				BEACC51C2E336142008F1B24 /* appUITests.swift */,
				BEACC51D2E336142008F1B24 /* appUITestsLaunchTests.swift */,
			);
			path = appUITests;
			sourceTree = "<group>";
		};
		BEBECA6D2E431D6B00F65D26 /* ML */ = {
			isa = PBXGroup;
			children = (
				BEBECA692E431D6B00F65D26 /* ContrastRegressor.mlmodel */,
				BEBECA6A2E431D6B00F65D26 /* GrainAlphaRegressor.mlmodel */,
				BEBECA6B2E431D6B00F65D26 /* GrainScaleRegressor.mlmodel */,
				BEBECA6C2E431D6B00F65D26 /* GrainModels.swift */,
			);
			path = ML;
			sourceTree = "<group>";
		};
		BEBECA762E431D6B00F65D26 /* GLOBAL */ = {
			isa = PBXGroup;
			children = (
				BEBECA722E431D6B00F65D26 /* appApp.swift */,
				BE8893EE2E58A33C0092BF41 /* AppDelegate.swift */,
				BEBECA732E431D6B00F65D26 /* Ext+PhotosPickerItem.swift */,
				BEBECA742E431D6B00F65D26 /* Ext+UIImage.swift */,
				BEBECA9D2E4329BC00F65D26 /* Ext+UIScreen.swift */,
				BE8893E82E570DD60092BF41 /* Ext+View.swift */,
				BEBECA752E431D6B00F65D26 /* ViewModel.swift */,
				BEBECAA12E4347E100F65D26 /* Filter.swift */,
				BE8893EC2E587A890092BF41 /* Ext+UIApplication.swift */,
			);
			path = GLOBAL;
			sourceTree = "<group>";
		};
		BEBECA7C2E431D6B00F65D26 /* RESOURCE */ = {
			isa = PBXGroup;
			children = (
				BEBECA7B2E431D6B00F65D26 /* Assets.xcassets */,
			);
			path = RESOURCE;
			sourceTree = "<group>";
		};
		BEBECA802E431D6B00F65D26 /* FEAT */ = {
			isa = PBXGroup;
			children = (
				BEBECA862E431DF900F65D26 /* VIEW */,
				BEBECA892E431DF900F65D26 /* VIEWMODEL */,
			);
			path = FEAT;
			sourceTree = "<group>";
		};
		BEBECA862E431DF900F65D26 /* VIEW */ = {
			isa = PBXGroup;
			children = (
				BE8893E02E56F8720092BF41 /* Upload */,
				BE8893D52E56F8720092BF41 /* Edit */,
			);
			path = VIEW;
			sourceTree = "<group>";
		};
		BEBECA892E431DF900F65D26 /* VIEWMODEL */ = {
			isa = PBXGroup;
			children = (
				BEBECA882E431DF900F65D26 /* EditViewModel.swift */,
				BE8893E22E56F87F0092BF41 /* UploadViewModel.swift */,
			);
			path = VIEWMODEL;
			sourceTree = "<group>";
		};
/* End PBXGroup section */

/* Begin PBXNativeTarget section */
		BEACC4E12E336125008F1B24 /* app */ = {
			isa = PBXNativeTarget;
			buildConfigurationList = BEACC5062E336127008F1B24 /* Build configuration list for PBXNativeTarget "app" */;
			buildPhases = (
				BEACC4DE2E336125008F1B24 /* Sources */,
				BEACC4DF2E336125008F1B24 /* Frameworks */,
				BEACC4E02E336125008F1B24 /* Resources */,
			);
			buildRules = (
			);
			dependencies = (
			);
			name = app;
			packageProductDependencies = (
			);
			productName = app;
			productReference = BEACC4E22E336125008F1B24 /* app.app */;
			productType = "com.apple.product-type.application";
		};
		BEACC4F12E336127008F1B24 /* appTests */ = {
			isa = PBXNativeTarget;
			buildConfigurationList = BEACC5092E336127008F1B24 /* Build configuration list for PBXNativeTarget "appTests" */;
			buildPhases = (
				BEACC4EE2E336127008F1B24 /* Sources */,
				BEACC4EF2E336127008F1B24 /* Frameworks */,
				BEACC4F02E336127008F1B24 /* Resources */,
			);
			buildRules = (
			);
			dependencies = (
				BEACC4F42E336127008F1B24 /* PBXTargetDependency */,
			);
			name = appTests;
			packageProductDependencies = (
			);
			productName = appTests;
			productReference = BEACC4F22E336127008F1B24 /* appTests.xctest */;
			productType = "com.apple.product-type.bundle.unit-test";
		};
		BEACC4FB2E336127008F1B24 /* appUITests */ = {
			isa = PBXNativeTarget;
			buildConfigurationList = BEACC50C2E336127008F1B24 /* Build configuration list for PBXNativeTarget "appUITests" */;
			buildPhases = (
				BEACC4F82E336127008F1B24 /* Sources */,
				BEACC4F92E336127008F1B24 /* Frameworks */,
				BEACC4FA2E336127008F1B24 /* Resources */,
			);
			buildRules = (
			);
			dependencies = (
				BEACC4FE2E336127008F1B24 /* PBXTargetDependency */,
			);
			name = appUITests;
			packageProductDependencies = (
			);
			productName = appUITests;
			productReference = BEACC4FC2E336127008F1B24 /* appUITests.xctest */;
			productType = "com.apple.product-type.bundle.ui-testing";
		};
/* End PBXNativeTarget section */

/* Begin PBXProject section */
		BEACC4DA2E336125008F1B24 /* Project object */ = {
			isa = PBXProject;
			attributes = {
				BuildIndependentTargetsInParallel = 1;
				LastSwiftUpdateCheck = 1620;
				LastUpgradeCheck = 1620;
				TargetAttributes = {
					BEACC4E12E336125008F1B24 = {
						CreatedOnToolsVersion = 16.2;
					};
					BEACC4F12E336127008F1B24 = {
						CreatedOnToolsVersion = 16.2;
						TestTargetID = BEACC4E12E336125008F1B24;
					};
					BEACC4FB2E336127008F1B24 = {
						CreatedOnToolsVersion = 16.2;
						TestTargetID = BEACC4E12E336125008F1B24;
					};
				};
			};
			buildConfigurationList = BEACC4DD2E336125008F1B24 /* Build configuration list for PBXProject "app" */;
			developmentRegion = en;
			hasScannedForEncodings = 0;
			knownRegions = (
				en,
				Base,
			);
			mainGroup = BEACC4D92E336125008F1B24;
			minimizedProjectReferenceProxies = 1;
			packageReferences = (
			);
			preferredProjectObjectVersion = 77;
			productRefGroup = BEACC4E32E336125008F1B24 /* Products */;
			projectDirPath = "";
			projectRoot = "";
			targets = (
				BEACC4E12E336125008F1B24 /* app */,
				BEACC4F12E336127008F1B24 /* appTests */,
				BEACC4FB2E336127008F1B24 /* appUITests */,
			);
		};
/* End PBXProject section */

/* Begin PBXResourcesBuildPhase section */
		BEACC4E02E336125008F1B24 /* Resources */ = {
			isa = PBXResourcesBuildPhase;
			buildActionMask = 2147483647;
			files = (
				BEBECA7D2E431D6B00F65D26 /* Assets.xcassets in Resources */,
			);
			runOnlyForDeploymentPostprocessing = 0;
		};
		BEACC4F02E336127008F1B24 /* Resources */ = {
			isa = PBXResourcesBuildPhase;
			buildActionMask = 2147483647;
			files = (
			);
			runOnlyForDeploymentPostprocessing = 0;
		};
		BEACC4FA2E336127008F1B24 /* Resources */ = {
			isa = PBXResourcesBuildPhase;
			buildActionMask = 2147483647;
			files = (
			);
			runOnlyForDeploymentPostprocessing = 0;
		};
/* End PBXResourcesBuildPhase section */

/* Begin PBXSourcesBuildPhase section */
		BEACC4DE2E336125008F1B24 /* Sources */ = {
			isa = PBXSourcesBuildPhase;
			buildActionMask = 2147483647;
			files = (
				BEBECA6E2E431D6B00F65D26 /* ContrastRegressor.mlmodel in Sources */,
				BEBECAA22E4347E100F65D26 /* Filter.swift in Sources */,
				BEBECA8A2E431DF900F65D26 /* EditViewModel.swift in Sources */,
				BEBECA6F2E431D6B00F65D26 /* GrainAlphaRegressor.mlmodel in Sources */,
				BE8893D62E56F8720092BF41 /* EditAiButton.swift in Sources */,
				BE8893D72E56F8720092BF41 /* EditColorGrading.swift in Sources */,
				BE8893E52E56F9040092BF41 /* UploadView.swift in Sources */,
				BE8893D82E56F8720092BF41 /* EditContrast.swift in Sources */,
				BE8893F32E58A5200092BF41 /* UploadPicker.swift in Sources */,
				BE8893EF2E58A33C0092BF41 /* AppDelegate.swift in Sources */,
				BE8893D92E56F8720092BF41 /* EditGrain.swift in Sources */,
				BE8893ED2E587A8A0092BF41 /* Ext+UIApplication.swift in Sources */,
				BE8893DA2E56F8720092BF41 /* EditImage.swift in Sources */,
				BE8893DB2E56F8720092BF41 /* EditPhotoPicker.swift in Sources */,
				BE8893DC2E56F8720092BF41 /* EditSaveButton.swift in Sources */,
				BE8893DD2E56F8720092BF41 /* EditSlider.swift in Sources */,
				BE8893DE2E56F8720092BF41 /* EditTemperature.swift in Sources */,
				BE8893DF2E56F8720092BF41 /* EditView.swift in Sources */,
				BE8893F12E58A4B90092BF41 /* UploadButton.swift in Sources */,
				BEBECA702E431D6B00F65D26 /* GrainScaleRegressor.mlmodel in Sources */,
				BEBECA9E2E4329BC00F65D26 /* Ext+UIScreen.swift in Sources */,
				BE8893E92E570DD60092BF41 /* Ext+View.swift in Sources */,
				BEBECA772E431D6B00F65D26 /* appApp.swift in Sources */,
				BEBECA782E431D6B00F65D26 /* Ext+PhotosPickerItem.swift in Sources */,
				BEBECA792E431D6B00F65D26 /* Ext+UIImage.swift in Sources */,
				BEBECA7A2E431D6B00F65D26 /* ViewModel.swift in Sources */,
				BEBECA712E431D6B00F65D26 /* GrainModels.swift in Sources */,
				BE8893E32E56F87F0092BF41 /* UploadViewModel.swift in Sources */,
			);
			runOnlyForDeploymentPostprocessing = 0;
		};
		BEACC4EE2E336127008F1B24 /* Sources */ = {
			isa = PBXSourcesBuildPhase;
			buildActionMask = 2147483647;
			files = (
				BEACC51B2E336142008F1B24 /* appTests.swift in Sources */,
			);
			runOnlyForDeploymentPostprocessing = 0;
		};
		BEACC4F82E336127008F1B24 /* Sources */ = {
			isa = PBXSourcesBuildPhase;
			buildActionMask = 2147483647;
			files = (
				BEACC51F2E336142008F1B24 /* appUITests.swift in Sources */,
				BEACC5202E336142008F1B24 /* appUITestsLaunchTests.swift in Sources */,
			);
			runOnlyForDeploymentPostprocessing = 0;
		};
/* End PBXSourcesBuildPhase section */

/* Begin PBXTargetDependency section */
		BEACC4F42E336127008F1B24 /* PBXTargetDependency */ = {
			isa = PBXTargetDependency;
			target = BEACC4E12E336125008F1B24 /* app */;
			targetProxy = BEACC4F32E336127008F1B24 /* PBXContainerItemProxy */;
		};
		BEACC4FE2E336127008F1B24 /* PBXTargetDependency */ = {
			isa = PBXTargetDependency;
			target = BEACC4E12E336125008F1B24 /* app */;
			targetProxy = BEACC4FD2E336127008F1B24 /* PBXContainerItemProxy */;
		};
/* End PBXTargetDependency section */

/* Begin XCBuildConfiguration section */
		BEACC5042E336127008F1B24 /* Debug */ = {
			isa = XCBuildConfiguration;
			buildSettings = {
				ALWAYS_SEARCH_USER_PATHS = NO;
				ASSETCATALOG_COMPILER_GENERATE_SWIFT_ASSET_SYMBOL_EXTENSIONS = YES;
				CLANG_ANALYZER_NONNULL = YES;
				CLANG_ANALYZER_NUMBER_OBJECT_CONVERSION = YES_AGGRESSIVE;
				CLANG_CXX_LANGUAGE_STANDARD = "gnu++20";
				CLANG_ENABLE_MODULES = YES;
				CLANG_ENABLE_OBJC_ARC = YES;
				CLANG_ENABLE_OBJC_WEAK = YES;
				CLANG_WARN_BLOCK_CAPTURE_AUTORELEASING = YES;
				CLANG_WARN_BOOL_CONVERSION = YES;
				CLANG_WARN_COMMA = YES;
				CLANG_WARN_CONSTANT_CONVERSION = YES;
				CLANG_WARN_DEPRECATED_OBJC_IMPLEMENTATIONS = YES;
				CLANG_WARN_DIRECT_OBJC_ISA_USAGE = YES_ERROR;
				CLANG_WARN_DOCUMENTATION_COMMENTS = YES;
				CLANG_WARN_EMPTY_BODY = YES;
				CLANG_WARN_ENUM_CONVERSION = YES;
				CLANG_WARN_INFINITE_RECURSION = YES;
				CLANG_WARN_INT_CONVERSION = YES;
				CLANG_WARN_NON_LITERAL_NULL_CONVERSION = YES;
				CLANG_WARN_OBJC_IMPLICIT_RETAIN_SELF = YES;
				CLANG_WARN_OBJC_LITERAL_CONVERSION = YES;
				CLANG_WARN_OBJC_ROOT_CLASS = YES_ERROR;
				CLANG_WARN_QUOTED_INCLUDE_IN_FRAMEWORK_HEADER = YES;
				CLANG_WARN_RANGE_LOOP_ANALYSIS = YES;
				CLANG_WARN_STRICT_PROTOTYPES = YES;
				CLANG_WARN_SUSPICIOUS_MOVE = YES;
				CLANG_WARN_UNGUARDED_AVAILABILITY = YES_AGGRESSIVE;
				CLANG_WARN_UNREACHABLE_CODE = YES;
				CLANG_WARN__DUPLICATE_METHOD_MATCH = YES;
				COPY_PHASE_STRIP = NO;
				DEBUG_INFORMATION_FORMAT = dwarf;
				ENABLE_STRICT_OBJC_MSGSEND = YES;
				ENABLE_TESTABILITY = YES;
				ENABLE_USER_SCRIPT_SANDBOXING = YES;
				GCC_C_LANGUAGE_STANDARD = gnu17;
				GCC_DYNAMIC_NO_PIC = NO;
				GCC_NO_COMMON_BLOCKS = YES;
				GCC_OPTIMIZATION_LEVEL = 0;
				GCC_PREPROCESSOR_DEFINITIONS = (
					"DEBUG=1",
					"$(inherited)",
				);
				GCC_WARN_64_TO_32_BIT_CONVERSION = YES;
				GCC_WARN_ABOUT_RETURN_TYPE = YES_ERROR;
				GCC_WARN_UNDECLARED_SELECTOR = YES;
				GCC_WARN_UNINITIALIZED_AUTOS = YES_AGGRESSIVE;
				GCC_WARN_UNUSED_FUNCTION = YES;
				GCC_WARN_UNUSED_VARIABLE = YES;
				IPHONEOS_DEPLOYMENT_TARGET = 18.2;
				LOCALIZATION_PREFERS_STRING_CATALOGS = YES;
				MTL_ENABLE_DEBUG_INFO = INCLUDE_SOURCE;
				MTL_FAST_MATH = YES;
				ONLY_ACTIVE_ARCH = YES;
				SDKROOT = iphoneos;
				SWIFT_ACTIVE_COMPILATION_CONDITIONS = "DEBUG $(inherited)";
				SWIFT_OPTIMIZATION_LEVEL = "-Onone";
			};
			name = Debug;
		};
		BEACC5052E336127008F1B24 /* Release */ = {
			isa = XCBuildConfiguration;
			buildSettings = {
				ALWAYS_SEARCH_USER_PATHS = NO;
				ASSETCATALOG_COMPILER_GENERATE_SWIFT_ASSET_SYMBOL_EXTENSIONS = YES;
				CLANG_ANALYZER_NONNULL = YES;
				CLANG_ANALYZER_NUMBER_OBJECT_CONVERSION = YES_AGGRESSIVE;
				CLANG_CXX_LANGUAGE_STANDARD = "gnu++20";
				CLANG_ENABLE_MODULES = YES;
				CLANG_ENABLE_OBJC_ARC = YES;
				CLANG_ENABLE_OBJC_WEAK = YES;
				CLANG_WARN_BLOCK_CAPTURE_AUTORELEASING = YES;
				CLANG_WARN_BOOL_CONVERSION = YES;
				CLANG_WARN_COMMA = YES;
				CLANG_WARN_CONSTANT_CONVERSION = YES;
				CLANG_WARN_DEPRECATED_OBJC_IMPLEMENTATIONS = YES;
				CLANG_WARN_DIRECT_OBJC_ISA_USAGE = YES_ERROR;
				CLANG_WARN_DOCUMENTATION_COMMENTS = YES;
				CLANG_WARN_EMPTY_BODY = YES;
				CLANG_WARN_ENUM_CONVERSION = YES;
				CLANG_WARN_INFINITE_RECURSION = YES;
				CLANG_WARN_INT_CONVERSION = YES;
				CLANG_WARN_NON_LITERAL_NULL_CONVERSION = YES;
				CLANG_WARN_OBJC_IMPLICIT_RETAIN_SELF = YES;
				CLANG_WARN_OBJC_LITERAL_CONVERSION = YES;
				CLANG_WARN_OBJC_ROOT_CLASS = YES_ERROR;
				CLANG_WARN_QUOTED_INCLUDE_IN_FRAMEWORK_HEADER = YES;
				CLANG_WARN_RANGE_LOOP_ANALYSIS = YES;
				CLANG_WARN_STRICT_PROTOTYPES = YES;
				CLANG_WARN_SUSPICIOUS_MOVE = YES;
				CLANG_WARN_UNGUARDED_AVAILABILITY = YES_AGGRESSIVE;
				CLANG_WARN_UNREACHABLE_CODE = YES;
				CLANG_WARN__DUPLICATE_METHOD_MATCH = YES;
				COPY_PHASE_STRIP = NO;
				DEBUG_INFORMATION_FORMAT = "dwarf-with-dsym";
				ENABLE_NS_ASSERTIONS = NO;
				ENABLE_STRICT_OBJC_MSGSEND = YES;
				ENABLE_USER_SCRIPT_SANDBOXING = YES;
				GCC_C_LANGUAGE_STANDARD = gnu17;
				GCC_NO_COMMON_BLOCKS = YES;
				GCC_WARN_64_TO_32_BIT_CONVERSION = YES;
				GCC_WARN_ABOUT_RETURN_TYPE = YES_ERROR;
				GCC_WARN_UNDECLARED_SELECTOR = YES;
				GCC_WARN_UNINITIALIZED_AUTOS = YES_AGGRESSIVE;
				GCC_WARN_UNUSED_FUNCTION = YES;
				GCC_WARN_UNUSED_VARIABLE = YES;
				IPHONEOS_DEPLOYMENT_TARGET = 18.2;
				LOCALIZATION_PREFERS_STRING_CATALOGS = YES;
				MTL_ENABLE_DEBUG_INFO = NO;
				MTL_FAST_MATH = YES;
				SDKROOT = iphoneos;
				SWIFT_COMPILATION_MODE = wholemodule;
				VALIDATE_PRODUCT = YES;
			};
			name = Release;
		};
		BEACC5072E336127008F1B24 /* Debug */ = {
			isa = XCBuildConfiguration;
			buildSettings = {
				ASSETCATALOG_COMPILER_APPICON_NAME = AppIcon;
				ASSETCATALOG_COMPILER_GLOBAL_ACCENT_COLOR_NAME = AccentColor;
				CODE_SIGN_STYLE = Automatic;
				CURRENT_PROJECT_VERSION = 1;
				DEVELOPMENT_ASSET_PATHS = "\"app/Preview Content\"";
				DEVELOPMENT_TEAM = 7HDHR2SNR7;
				ENABLE_PREVIEWS = YES;
				GENERATE_INFOPLIST_FILE = YES;
				INFOPLIST_KEY_NSCameraUsageDescription = "\"카메라에 대한 접근 권한이 필요합니다\"";
				INFOPLIST_KEY_NSPhotoLibraryUsageDescription = "\"갤러리에 대한 접근 권한이 필요합니다\"";
				INFOPLIST_KEY_UIApplicationSceneManifest_Generation = YES;
				INFOPLIST_KEY_UIApplicationSupportsIndirectInputEvents = YES;
				INFOPLIST_KEY_UILaunchScreen_Generation = YES;
				INFOPLIST_KEY_UISupportedInterfaceOrientations_iPad = "UIInterfaceOrientationPortrait UIInterfaceOrientationPortraitUpsideDown UIInterfaceOrientationLandscapeLeft UIInterfaceOrientationLandscapeRight";
				INFOPLIST_KEY_UISupportedInterfaceOrientations_iPhone = "UIInterfaceOrientationPortrait UIInterfaceOrientationLandscapeLeft UIInterfaceOrientationLandscapeRight";
				IPHONEOS_DEPLOYMENT_TARGET = 18.0;
				LD_RUNPATH_SEARCH_PATHS = (
					"$(inherited)",
					"@executable_path/Frameworks",
				);
				MARKETING_VERSION = 1.0;
				PRODUCT_BUNDLE_IDENTIFIER = co.1008.film;
				PRODUCT_NAME = "$(TARGET_NAME)";
				SWIFT_EMIT_LOC_STRINGS = YES;
				SWIFT_VERSION = 5.0;
				TARGETED_DEVICE_FAMILY = "1,2";
			};
			name = Debug;
		};
		BEACC5082E336127008F1B24 /* Release */ = {
			isa = XCBuildConfiguration;
			buildSettings = {
				ASSETCATALOG_COMPILER_APPICON_NAME = AppIcon;
				ASSETCATALOG_COMPILER_GLOBAL_ACCENT_COLOR_NAME = AccentColor;
				CODE_SIGN_STYLE = Automatic;
				CURRENT_PROJECT_VERSION = 1;
				DEVELOPMENT_ASSET_PATHS = "\"app/Preview Content\"";
				DEVELOPMENT_TEAM = 7HDHR2SNR7;
				ENABLE_PREVIEWS = YES;
				GENERATE_INFOPLIST_FILE = YES;
				INFOPLIST_KEY_NSCameraUsageDescription = "\"카메라에 대한 접근 권한이 필요합니다\"";
				INFOPLIST_KEY_NSPhotoLibraryUsageDescription = "\"갤러리에 대한 접근 권한이 필요합니다\"";
				INFOPLIST_KEY_UIApplicationSceneManifest_Generation = YES;
				INFOPLIST_KEY_UIApplicationSupportsIndirectInputEvents = YES;
				INFOPLIST_KEY_UILaunchScreen_Generation = YES;
				INFOPLIST_KEY_UISupportedInterfaceOrientations_iPad = "UIInterfaceOrientationPortrait UIInterfaceOrientationPortraitUpsideDown UIInterfaceOrientationLandscapeLeft UIInterfaceOrientationLandscapeRight";
				INFOPLIST_KEY_UISupportedInterfaceOrientations_iPhone = "UIInterfaceOrientationPortrait UIInterfaceOrientationLandscapeLeft UIInterfaceOrientationLandscapeRight";
				IPHONEOS_DEPLOYMENT_TARGET = 18.0;
				LD_RUNPATH_SEARCH_PATHS = (
					"$(inherited)",
					"@executable_path/Frameworks",
				);
				MARKETING_VERSION = 1.0;
				PRODUCT_BUNDLE_IDENTIFIER = co.1008.film;
				PRODUCT_NAME = "$(TARGET_NAME)";
				SWIFT_EMIT_LOC_STRINGS = YES;
				SWIFT_VERSION = 5.0;
				TARGETED_DEVICE_FAMILY = "1,2";
			};
			name = Release;
		};
		BEACC50A2E336127008F1B24 /* Debug */ = {
			isa = XCBuildConfiguration;
			buildSettings = {
				BUNDLE_LOADER = "$(TEST_HOST)";
				CODE_SIGN_STYLE = Automatic;
				CURRENT_PROJECT_VERSION = 1;
				DEVELOPMENT_TEAM = 7HDHR2SNR7;
				GENERATE_INFOPLIST_FILE = YES;
				IPHONEOS_DEPLOYMENT_TARGET = 18.2;
				MARKETING_VERSION = 1.0;
				PRODUCT_BUNDLE_IDENTIFIER = co.1008.film.appTests;
				PRODUCT_NAME = "$(TARGET_NAME)";
				SWIFT_EMIT_LOC_STRINGS = NO;
				SWIFT_VERSION = 5.0;
				TARGETED_DEVICE_FAMILY = "1,2";
				TEST_HOST = "$(BUILT_PRODUCTS_DIR)/app.app/$(BUNDLE_EXECUTABLE_FOLDER_PATH)/app";
			};
			name = Debug;
		};
		BEACC50B2E336127008F1B24 /* Release */ = {
			isa = XCBuildConfiguration;
			buildSettings = {
				BUNDLE_LOADER = "$(TEST_HOST)";
				CODE_SIGN_STYLE = Automatic;
				CURRENT_PROJECT_VERSION = 1;
				DEVELOPMENT_TEAM = 7HDHR2SNR7;
				GENERATE_INFOPLIST_FILE = YES;
				IPHONEOS_DEPLOYMENT_TARGET = 18.2;
				MARKETING_VERSION = 1.0;
				PRODUCT_BUNDLE_IDENTIFIER = co.1008.film.appTests;
				PRODUCT_NAME = "$(TARGET_NAME)";
				SWIFT_EMIT_LOC_STRINGS = NO;
				SWIFT_VERSION = 5.0;
				TARGETED_DEVICE_FAMILY = "1,2";
				TEST_HOST = "$(BUILT_PRODUCTS_DIR)/app.app/$(BUNDLE_EXECUTABLE_FOLDER_PATH)/app";
			};
			name = Release;
		};
		BEACC50D2E336127008F1B24 /* Debug */ = {
			isa = XCBuildConfiguration;
			buildSettings = {
				CODE_SIGN_STYLE = Automatic;
				CURRENT_PROJECT_VERSION = 1;
				DEVELOPMENT_TEAM = 7HDHR2SNR7;
				GENERATE_INFOPLIST_FILE = YES;
				MARKETING_VERSION = 1.0;
				PRODUCT_BUNDLE_IDENTIFIER = co.1008.film.appUITests;
				PRODUCT_NAME = "$(TARGET_NAME)";
				SWIFT_EMIT_LOC_STRINGS = NO;
				SWIFT_VERSION = 5.0;
				TARGETED_DEVICE_FAMILY = "1,2";
				TEST_TARGET_NAME = app;
			};
			name = Debug;
		};
		BEACC50E2E336127008F1B24 /* Release */ = {
			isa = XCBuildConfiguration;
			buildSettings = {
				CODE_SIGN_STYLE = Automatic;
				CURRENT_PROJECT_VERSION = 1;
				DEVELOPMENT_TEAM = 7HDHR2SNR7;
				GENERATE_INFOPLIST_FILE = YES;
				MARKETING_VERSION = 1.0;
				PRODUCT_BUNDLE_IDENTIFIER = co.1008.film.appUITests;
				PRODUCT_NAME = "$(TARGET_NAME)";
				SWIFT_EMIT_LOC_STRINGS = NO;
				SWIFT_VERSION = 5.0;
				TARGETED_DEVICE_FAMILY = "1,2";
				TEST_TARGET_NAME = app;
			};
			name = Release;
		};
/* End XCBuildConfiguration section */

/* Begin XCConfigurationList section */
		BEACC4DD2E336125008F1B24 /* Build configuration list for PBXProject "app" */ = {
			isa = XCConfigurationList;
			buildConfigurations = (
				BEACC5042E336127008F1B24 /* Debug */,
				BEACC5052E336127008F1B24 /* Release */,
			);
			defaultConfigurationIsVisible = 0;
			defaultConfigurationName = Release;
		};
		BEACC5062E336127008F1B24 /* Build configuration list for PBXNativeTarget "app" */ = {
			isa = XCConfigurationList;
			buildConfigurations = (
				BEACC5072E336127008F1B24 /* Debug */,
				BEACC5082E336127008F1B24 /* Release */,
			);
			defaultConfigurationIsVisible = 0;
			defaultConfigurationName = Release;
		};
		BEACC5092E336127008F1B24 /* Build configuration list for PBXNativeTarget "appTests" */ = {
			isa = XCConfigurationList;
			buildConfigurations = (
				BEACC50A2E336127008F1B24 /* Debug */,
				BEACC50B2E336127008F1B24 /* Release */,
			);
			defaultConfigurationIsVisible = 0;
			defaultConfigurationName = Release;
		};
		BEACC50C2E336127008F1B24 /* Build configuration list for PBXNativeTarget "appUITests" */ = {
			isa = XCConfigurationList;
			buildConfigurations = (
				BEACC50D2E336127008F1B24 /* Debug */,
				BEACC50E2E336127008F1B24 /* Release */,
			);
			defaultConfigurationIsVisible = 0;
			defaultConfigurationName = Release;
		};
/* End XCConfigurationList section */
	};
	rootObject = BEACC4DA2E336125008F1B24 /* Project object */;
}
